// !$*UTF8*$!
{
	archiveVersion = 1;
	classes = {
	};
	objectVersion = 56;
	objects = {

/* Begin PBXBuildFile section */
		095E99AA2BDF711F00BF9CAE /* PickerView.swift in Sources */ = {isa = PBXBuildFile; fileRef = 095E99A92BDF711E00BF9CAE /* PickerView.swift */; };
		095E99AC2BE0E4E300BF9CAE /* ViewPrescription.swift in Sources */ = {isa = PBXBuildFile; fileRef = 095E99AB2BE0E4E300BF9CAE /* ViewPrescription.swift */; };
		095E99B42BE4E1DF00BF9CAE /* LabTestCard.swift in Sources */ = {isa = PBXBuildFile; fileRef = 095E99B32BE4E1DF00BF9CAE /* LabTestCard.swift */; };
		095E99B62BE4E29200BF9CAE /* LabRecords.swift in Sources */ = {isa = PBXBuildFile; fileRef = 095E99B52BE4E29200BF9CAE /* LabRecords.swift */; };
		096DA7CB2BDA0AF800241449 /* BookAppointment.swift in Sources */ = {isa = PBXBuildFile; fileRef = 096DA7CA2BDA0AF800241449 /* BookAppointment.swift */; };
		096DA7CD2BDA457800241449 /* BookLab.swift in Sources */ = {isa = PBXBuildFile; fileRef = 096DA7CC2BDA457800241449 /* BookLab.swift */; };
		133642742BDF77B000926989 /* LabReportUploadView.swift in Sources */ = {isa = PBXBuildFile; fileRef = 133642732BDF77B000926989 /* LabReportUploadView.swift */; };
		13D816D12BD901EE00D36A9C /* OnBoardingDoctor.swift in Sources */ = {isa = PBXBuildFile; fileRef = 13D816D02BD901ED00D36A9C /* OnBoardingDoctor.swift */; };
		13D97B222BEA456A00A59B6B /* doctorLeaveApplication.swift in Sources */ = {isa = PBXBuildFile; fileRef = 13D97B212BEA456A00A59B6B /* doctorLeaveApplication.swift */; };
		13EF0E372BD7A4A80015FDDA /* OnBoardingScreen.swift in Sources */ = {isa = PBXBuildFile; fileRef = 13EF0E362BD7A4A80015FDDA /* OnBoardingScreen.swift */; };
		13FA586B2BD7BDCC00AC8CA4 /* SignUpScreen.swift in Sources */ = {isa = PBXBuildFile; fileRef = 13FA586A2BD7BDCC00AC8CA4 /* SignUpScreen.swift */; };
		171925562BE0DC8B0012E54D /* DoctorView.swift in Sources */ = {isa = PBXBuildFile; fileRef = 171925552BE0DC8B0012E54D /* DoctorView.swift */; };
		171FE8D42BEB36620016167E /* PrescriptionModel.swift in Sources */ = {isa = PBXBuildFile; fileRef = 171FE8D32BEB36620016167E /* PrescriptionModel.swift */; };
		171FE8D62BEB36810016167E /* MedicineModel.swift in Sources */ = {isa = PBXBuildFile; fileRef = 171FE8D52BEB36810016167E /* MedicineModel.swift */; };
		171FE8D82BEB41600016167E /* PatientAppointmentView.swift in Sources */ = {isa = PBXBuildFile; fileRef = 171FE8D72BEB41600016167E /* PatientAppointmentView.swift */; };
		171FE8DA2BEB576D0016167E /* PatientAppointmentViewCard.swift in Sources */ = {isa = PBXBuildFile; fileRef = 171FE8D92BEB576D0016167E /* PatientAppointmentViewCard.swift */; };
		174C2D072BD629D300945401 /* LoginScreen.swift in Sources */ = {isa = PBXBuildFile; fileRef = 174C2D062BD629D200945401 /* LoginScreen.swift */; };
		175AD9D22BE3973B006E3347 /* Some-Saves.swift in Sources */ = {isa = PBXBuildFile; fileRef = 175AD9D12BE3973B006E3347 /* Some-Saves.swift */; };
		175AD9D62BE3B7B0006E3347 /* NetworkMonitor.swift in Sources */ = {isa = PBXBuildFile; fileRef = 175AD9D52BE3B7B0006E3347 /* NetworkMonitor.swift */; };
		176900242BD2A94500F5F81E /* Team_7_HMSApp.swift in Sources */ = {isa = PBXBuildFile; fileRef = 176900232BD2A94500F5F81E /* Team_7_HMSApp.swift */; };
		176900262BD2A94500F5F81E /* ContentView.swift in Sources */ = {isa = PBXBuildFile; fileRef = 176900252BD2A94500F5F81E /* ContentView.swift */; };
		176900282BD2A94700F5F81E /* Assets.xcassets in Resources */ = {isa = PBXBuildFile; fileRef = 176900272BD2A94700F5F81E /* Assets.xcassets */; };
		1769002B2BD2A94700F5F81E /* Preview Assets.xcassets in Resources */ = {isa = PBXBuildFile; fileRef = 1769002A2BD2A94700F5F81E /* Preview Assets.xcassets */; };
		176900352BD2A94700F5F81E /* Team_7_HMSTests.swift in Sources */ = {isa = PBXBuildFile; fileRef = 176900342BD2A94700F5F81E /* Team_7_HMSTests.swift */; };
		1769003F2BD2A94700F5F81E /* Team_7_HMSUITests.swift in Sources */ = {isa = PBXBuildFile; fileRef = 1769003E2BD2A94700F5F81E /* Team_7_HMSUITests.swift */; };
		176900412BD2A94700F5F81E /* Team_7_HMSUITestsLaunchTests.swift in Sources */ = {isa = PBXBuildFile; fileRef = 176900402BD2A94700F5F81E /* Team_7_HMSUITestsLaunchTests.swift */; };
		176900512BD61B2400F5F81E /* FirebaseAnalytics in Frameworks */ = {isa = PBXBuildFile; productRef = 176900502BD61B2400F5F81E /* FirebaseAnalytics */; };
		176900532BD61B2400F5F81E /* FirebaseAnalyticsOnDeviceConversion in Frameworks */ = {isa = PBXBuildFile; productRef = 176900522BD61B2400F5F81E /* FirebaseAnalyticsOnDeviceConversion */; };
		176900552BD61B2400F5F81E /* FirebaseAnalyticsSwift in Frameworks */ = {isa = PBXBuildFile; productRef = 176900542BD61B2400F5F81E /* FirebaseAnalyticsSwift */; };
		176900572BD61B2400F5F81E /* FirebaseAnalyticsWithoutAdIdSupport in Frameworks */ = {isa = PBXBuildFile; productRef = 176900562BD61B2400F5F81E /* FirebaseAnalyticsWithoutAdIdSupport */; };
		176900592BD61B2400F5F81E /* FirebaseAppCheck in Frameworks */ = {isa = PBXBuildFile; productRef = 176900582BD61B2400F5F81E /* FirebaseAppCheck */; };
		1769005B2BD6201600F5F81E /* signInBack.swift in Sources */ = {isa = PBXBuildFile; fileRef = 1769005A2BD6201600F5F81E /* signInBack.swift */; };
		17B32FC92BE88AF000ADAB3B /* AppointmentDataModel.swift in Sources */ = {isa = PBXBuildFile; fileRef = 17B32FC82BE88AF000ADAB3B /* AppointmentDataModel.swift */; };
		17B32FCB2BE88E5C00ADAB3B /* ForDoctorPatientAppointmentView.swift in Sources */ = {isa = PBXBuildFile; fileRef = 17B32FCA2BE88E5C00ADAB3B /* ForDoctorPatientAppointmentView.swift */; };
		17B32FCD2BE8927100ADAB3B /* DoctorAppointmentCard.swift in Sources */ = {isa = PBXBuildFile; fileRef = 17B32FCC2BE8927100ADAB3B /* DoctorAppointmentCard.swift */; };
		17B32FCF2BE896D100ADAB3B /* MedicalRecordView.swift in Sources */ = {isa = PBXBuildFile; fileRef = 17B32FCE2BE896D100ADAB3B /* MedicalRecordView.swift */; };
		17B32FD12BE8996100ADAB3B /* PatientMedicalRecord.swift in Sources */ = {isa = PBXBuildFile; fileRef = 17B32FD02BE8996100ADAB3B /* PatientMedicalRecord.swift */; };
		17B32FD32BE8B90300ADAB3B /* MedicineView.swift in Sources */ = {isa = PBXBuildFile; fileRef = 17B32FD22BE8B90300ADAB3B /* MedicineView.swift */; };
		17B32FD52BE8D62600ADAB3B /* OldAppointment.swift in Sources */ = {isa = PBXBuildFile; fileRef = 17B32FD42BE8D62600ADAB3B /* OldAppointment.swift */; };
		17F63ABA2BD6340D0089511F /* GoogleService-Info.plist in Resources */ = {isa = PBXBuildFile; fileRef = 17F63AB92BD6340D0089511F /* GoogleService-Info.plist */; };
		17F63ABC2BD634EB0089511F /* FirebaseAppDistribution-Beta in Frameworks */ = {isa = PBXBuildFile; productRef = 17F63ABB2BD634EB0089511F /* FirebaseAppDistribution-Beta */; };
		17F63ABE2BD634EB0089511F /* FirebaseAuth in Frameworks */ = {isa = PBXBuildFile; productRef = 17F63ABD2BD634EB0089511F /* FirebaseAuth */; };
		17F63AC02BD634EB0089511F /* FirebaseAuthCombine-Community in Frameworks */ = {isa = PBXBuildFile; productRef = 17F63ABF2BD634EB0089511F /* FirebaseAuthCombine-Community */; };
		17F63AC22BD634EB0089511F /* FirebaseCrashlytics in Frameworks */ = {isa = PBXBuildFile; productRef = 17F63AC12BD634EB0089511F /* FirebaseCrashlytics */; };
		17F63AC42BD634EB0089511F /* FirebaseDatabase in Frameworks */ = {isa = PBXBuildFile; productRef = 17F63AC32BD634EB0089511F /* FirebaseDatabase */; };
		17F63AC62BD634EB0089511F /* FirebaseDatabaseSwift in Frameworks */ = {isa = PBXBuildFile; productRef = 17F63AC52BD634EB0089511F /* FirebaseDatabaseSwift */; };
		17F63AC82BD634EB0089511F /* FirebaseDynamicLinks in Frameworks */ = {isa = PBXBuildFile; productRef = 17F63AC72BD634EB0089511F /* FirebaseDynamicLinks */; };
		17F63ACA2BD634EB0089511F /* FirebaseFirestore in Frameworks */ = {isa = PBXBuildFile; productRef = 17F63AC92BD634EB0089511F /* FirebaseFirestore */; };
		17F63ACC2BD634EB0089511F /* FirebaseFirestoreCombine-Community in Frameworks */ = {isa = PBXBuildFile; productRef = 17F63ACB2BD634EB0089511F /* FirebaseFirestoreCombine-Community */; };
		17F63ACE2BD634EB0089511F /* FirebaseFirestoreSwift in Frameworks */ = {isa = PBXBuildFile; productRef = 17F63ACD2BD634EB0089511F /* FirebaseFirestoreSwift */; };
		17F63AD02BD634EB0089511F /* FirebaseFunctions in Frameworks */ = {isa = PBXBuildFile; productRef = 17F63ACF2BD634EB0089511F /* FirebaseFunctions */; };
		17F63AD22BD634EB0089511F /* FirebaseFunctionsCombine-Community in Frameworks */ = {isa = PBXBuildFile; productRef = 17F63AD12BD634EB0089511F /* FirebaseFunctionsCombine-Community */; };
		17F63AD42BD634EB0089511F /* FirebaseInAppMessaging-Beta in Frameworks */ = {isa = PBXBuildFile; productRef = 17F63AD32BD634EB0089511F /* FirebaseInAppMessaging-Beta */; };
		17F63AD62BD634EB0089511F /* FirebaseInAppMessagingSwift-Beta in Frameworks */ = {isa = PBXBuildFile; productRef = 17F63AD52BD634EB0089511F /* FirebaseInAppMessagingSwift-Beta */; };
		17F63AD82BD634EB0089511F /* FirebaseInstallations in Frameworks */ = {isa = PBXBuildFile; productRef = 17F63AD72BD634EB0089511F /* FirebaseInstallations */; };
		17F63ADA2BD634EB0089511F /* FirebaseMLModelDownloader in Frameworks */ = {isa = PBXBuildFile; productRef = 17F63AD92BD634EB0089511F /* FirebaseMLModelDownloader */; };
		17F63ADC2BD634EB0089511F /* FirebaseMessaging in Frameworks */ = {isa = PBXBuildFile; productRef = 17F63ADB2BD634EB0089511F /* FirebaseMessaging */; };
		17F63ADE2BD634EB0089511F /* FirebasePerformance in Frameworks */ = {isa = PBXBuildFile; productRef = 17F63ADD2BD634EB0089511F /* FirebasePerformance */; };
		17F63AE02BD634EB0089511F /* FirebaseRemoteConfig in Frameworks */ = {isa = PBXBuildFile; productRef = 17F63ADF2BD634EB0089511F /* FirebaseRemoteConfig */; };
		17F63AE22BD634EB0089511F /* FirebaseRemoteConfigSwift in Frameworks */ = {isa = PBXBuildFile; productRef = 17F63AE12BD634EB0089511F /* FirebaseRemoteConfigSwift */; };
		17F63AE42BD634EB0089511F /* FirebaseStorage in Frameworks */ = {isa = PBXBuildFile; productRef = 17F63AE32BD634EB0089511F /* FirebaseStorage */; };
		17F63AE62BD634EB0089511F /* FirebaseStorageCombine-Community in Frameworks */ = {isa = PBXBuildFile; productRef = 17F63AE52BD634EB0089511F /* FirebaseStorageCombine-Community */; };
		17F63AE82BD636610089511F /* GoogleSignIn in Frameworks */ = {isa = PBXBuildFile; productRef = 17F63AE72BD636610089511F /* GoogleSignIn */; };
		17F63AEA2BD636610089511F /* GoogleSignInSwift in Frameworks */ = {isa = PBXBuildFile; productRef = 17F63AE92BD636610089511F /* GoogleSignInSwift */; };
		17F63AED2BD63E440089511F /* AppDelegate.swift in Sources */ = {isa = PBXBuildFile; fileRef = 17F63AEC2BD63E440089511F /* AppDelegate.swift */; };
		17F63AF02BD671080089511F /* +View.swift in Sources */ = {isa = PBXBuildFile; fileRef = 17F63AEF2BD671080089511F /* +View.swift */; };
		17F63AF72BD7A1750089511F /* AddDoctorDetails.swift in Sources */ = {isa = PBXBuildFile; fileRef = 17F63AF62BD7A1750089511F /* AddDoctorDetails.swift */; };
		17F63AF92BD7A1BF0089511F /* FirebaseHelperFunctions.swift in Sources */ = {isa = PBXBuildFile; fileRef = 17F63AF82BD7A1BF0089511F /* FirebaseHelperFunctions.swift */; };
		17F63AFD2BD7A27E0089511F /* GeneratePassword.swift in Sources */ = {isa = PBXBuildFile; fileRef = 17F63AFC2BD7A27E0089511F /* GeneratePassword.swift */; };
		17F63AFF2BD7A2A20089511F /* SendCredentials.swift in Sources */ = {isa = PBXBuildFile; fileRef = 17F63AFE2BD7A2A20089511F /* SendCredentials.swift */; };
		17F63B272BDA127D0089511F /* AppState.swift in Sources */ = {isa = PBXBuildFile; fileRef = 17F63B262BDA127D0089511F /* AppState.swift */; };
		17F63B2A2BDA164F0089511F /* UserModel.swift in Sources */ = {isa = PBXBuildFile; fileRef = 17F63B292BDA164F0089511F /* UserModel.swift */; };
		17F63B2C2BDA1AFB0089511F /* SplashScreen.swift in Sources */ = {isa = PBXBuildFile; fileRef = 17F63B2B2BDA1AFB0089511F /* SplashScreen.swift */; };
		17F7C6672BDE177C00720B5E /* EmailFunctions.swift in Sources */ = {isa = PBXBuildFile; fileRef = 17F7C6662BDE177C00720B5E /* EmailFunctions.swift */; };
		17F7C6692BDE42C600720B5E /* PatientView.swift in Sources */ = {isa = PBXBuildFile; fileRef = 17F7C6682BDE42C600720B5E /* PatientView.swift */; };
		17F7C66B2BDE528300720B5E /* BookingView.swift in Sources */ = {isa = PBXBuildFile; fileRef = 17F7C66A2BDE528300720B5E /* BookingView.swift */; };
		17F7C66F2BDEC37A00720B5E /* AdminHomeView.swift in Sources */ = {isa = PBXBuildFile; fileRef = 17F7C66E2BDEC37A00720B5E /* AdminHomeView.swift */; };
		17F7C6712BDEC8D400720B5E /* Just-Some.swift in Sources */ = {isa = PBXBuildFile; fileRef = 17F7C6702BDEC8D400720B5E /* Just-Some.swift */; };
		17F7C6732BE00E8200720B5E /* DoctorDetails.swift in Sources */ = {isa = PBXBuildFile; fileRef = 17F7C6722BE00E8100720B5E /* DoctorDetails.swift */; };
		360295FB2BD7AD69001C1397 /* DoctorLoginScreenView.swift in Sources */ = {isa = PBXBuildFile; fileRef = 360295FA2BD7AD69001C1397 /* DoctorLoginScreenView.swift */; };
		360295FF2BD7DB92001C1397 /* medicalConditions.swift in Sources */ = {isa = PBXBuildFile; fileRef = 360295FE2BD7DB92001C1397 /* medicalConditions.swift */; };
		3621E0A42BDF700400F22807 /* PatientDetails.swift in Sources */ = {isa = PBXBuildFile; fileRef = 3621E0A32BDF700400F22807 /* PatientDetails.swift */; };
		3626C4882BE4A69E00FA8C61 /* BookLabRecordsView.swift in Sources */ = {isa = PBXBuildFile; fileRef = 3626C4872BE4A69E00FA8C61 /* BookLabRecordsView.swift */; };
		3626C48A2BE4AE0300FA8C61 /* MedicalTestsBookingView.swift in Sources */ = {isa = PBXBuildFile; fileRef = 3626C4892BE4AE0300FA8C61 /* MedicalTestsBookingView.swift */; };
		364631FB2BDA1E6600DD53CC /* HealthKitAppIntegration.swift in Sources */ = {isa = PBXBuildFile; fileRef = 364631FA2BDA1E6600DD53CC /* HealthKitAppIntegration.swift */; };
		367FFA5F2BE34F5F007A995D /* PatientDetailsAppointmentView.swift in Sources */ = {isa = PBXBuildFile; fileRef = 367FFA5E2BE34F5F007A995D /* PatientDetailsAppointmentView.swift */; };
		367FFA612BE38289007A995D /* AppointmentDataView.swift in Sources */ = {isa = PBXBuildFile; fileRef = 367FFA602BE38289007A995D /* AppointmentDataView.swift */; };
		369ADAF02BDE1CB60062CFDD /* AddingSlots.swift in Sources */ = {isa = PBXBuildFile; fileRef = 369ADAEF2BDE1CB60062CFDD /* AddingSlots.swift */; };
		369ADAF22BDE85200062CFDD /* navt.swift in Sources */ = {isa = PBXBuildFile; fileRef = 369ADAF12BDE85200062CFDD /* navt.swift */; };
		36ACD1C82BEB325B0094550D /* RescheduleAppointmentsView.swift in Sources */ = {isa = PBXBuildFile; fileRef = 36ACD1C72BEB325B0094550D /* RescheduleAppointmentsView.swift */; };
		36B1F1782BDD2C3000D5A9DF /* AppointmentModel.swift in Sources */ = {isa = PBXBuildFile; fileRef = 36B1F1772BDD2C3000D5A9DF /* AppointmentModel.swift */; };
		36F93E432BE7E2B100AC1EE8 /* PatientMedicalRecordView.swift in Sources */ = {isa = PBXBuildFile; fileRef = 36F93E422BE7E2B100AC1EE8 /* PatientMedicalRecordView.swift */; };
		36F93E452BE7E49800AC1EE8 /* UpcomingMedicalRecodsView.swift in Sources */ = {isa = PBXBuildFile; fileRef = 36F93E442BE7E49800AC1EE8 /* UpcomingMedicalRecodsView.swift */; };
		36F93E472BE7E77F00AC1EE8 /* CompletedMedicalTestsView.swift in Sources */ = {isa = PBXBuildFile; fileRef = 36F93E462BE7E77F00AC1EE8 /* CompletedMedicalTestsView.swift */; };
		36F93E492BE8004200AC1EE8 /* MedicalTestsReminderFunctions.swift in Sources */ = {isa = PBXBuildFile; fileRef = 36F93E482BE8004200AC1EE8 /* MedicalTestsReminderFunctions.swift */; };
		36F93E4B2BE8BCC800AC1EE8 /* ReportsListView.swift in Sources */ = {isa = PBXBuildFile; fileRef = 36F93E4A2BE8BCC800AC1EE8 /* ReportsListView.swift */; };
		36F93E4E2BE9273A00AC1EE8 /* SymptomsRecommendationView.swift in Sources */ = {isa = PBXBuildFile; fileRef = 36F93E4D2BE9273A00AC1EE8 /* SymptomsRecommendationView.swift */; };
		36F93E502BE9276400AC1EE8 /* GoogleGenerativeAI in Frameworks */ = {isa = PBXBuildFile; productRef = 36F93E4F2BE9276400AC1EE8 /* GoogleGenerativeAI */; };
		36F93E522BE9279D00AC1EE8 /* APIKey.swift in Sources */ = {isa = PBXBuildFile; fileRef = 36F93E512BE9279D00AC1EE8 /* APIKey.swift */; };
		36F93E542BE927C700AC1EE8 /* GenerativeAI-Info.plist in Resources */ = {isa = PBXBuildFile; fileRef = 36F93E532BE927C700AC1EE8 /* GenerativeAI-Info.plist */; };
		36F93E572BE9490F00AC1EE8 /* SDWebImageSwiftUI in Frameworks */ = {isa = PBXBuildFile; productRef = 36F93E562BE9490F00AC1EE8 /* SDWebImageSwiftUI */; };
		36F93E592BE94A3500AC1EE8 /* SymptomOutPutPageView.swift in Sources */ = {isa = PBXBuildFile; fileRef = 36F93E582BE94A3500AC1EE8 /* SymptomOutPutPageView.swift */; };
		36F93E972BEA18EB00AC1EE8 /* loadingScreen.gif in Resources */ = {isa = PBXBuildFile; fileRef = 36F93E962BEA18EB00AC1EE8 /* loadingScreen.gif */; };
		3763784F2BD7D15900CB6198 /* PatientHistory.swift in Sources */ = {isa = PBXBuildFile; fileRef = 3763784E2BD7D15900CB6198 /* PatientHistory.swift */; };
		37D3A1472BDA48B000C04F35 /* DoctorAppointmentCardData.swift in Sources */ = {isa = PBXBuildFile; fileRef = 37D3A1462BDA48B000C04F35 /* DoctorAppointmentCardData.swift */; };
		37D3A14B2BDA492000C04F35 /* DoctorHomeSwiftUI.swift in Sources */ = {isa = PBXBuildFile; fileRef = 37D3A14A2BDA492000C04F35 /* DoctorHomeSwiftUI.swift */; };
		37D86AAD2BE353E80064DCE4 /* StaffData.swift in Sources */ = {isa = PBXBuildFile; fileRef = 37D86AAC2BE353E80064DCE4 /* StaffData.swift */; };
		37D86AB12BE362A90064DCE4 /* AdminDashboard.swift in Sources */ = {isa = PBXBuildFile; fileRef = 37D86AB02BE362A90064DCE4 /* AdminDashboard.swift */; };
		37D86AB42BE3655B0064DCE4 /* SwiftUICharts in Frameworks */ = {isa = PBXBuildFile; productRef = 37D86AB32BE3655B0064DCE4 /* SwiftUICharts */; };
		37D86ACA2BEA32960064DCE4 /* LeaveApplication.swift in Sources */ = {isa = PBXBuildFile; fileRef = 37D86AC92BEA32960064DCE4 /* LeaveApplication.swift */; };
		37D86ACC2BEA32C50064DCE4 /* LeaveApplicationDetail.swift in Sources */ = {isa = PBXBuildFile; fileRef = 37D86ACB2BEA32C50064DCE4 /* LeaveApplicationDetail.swift */; };
		37D86ACE2BEA3E0B0064DCE4 /* LeaveCardData.swift in Sources */ = {isa = PBXBuildFile; fileRef = 37D86ACD2BEA3E0B0064DCE4 /* LeaveCardData.swift */; };
		37D86AD02BEA3E200064DCE4 /* LeaveCard.swift in Sources */ = {isa = PBXBuildFile; fileRef = 37D86ACF2BEA3E200064DCE4 /* LeaveCard.swift */; };
		37D86AD22BEA3E3F0064DCE4 /* ForAdminLeaveView.swift in Sources */ = {isa = PBXBuildFile; fileRef = 37D86AD12BEA3E3F0064DCE4 /* ForAdminLeaveView.swift */; };
		37D86AD42BEA3E550064DCE4 /* AdminLeaveList.swift in Sources */ = {isa = PBXBuildFile; fileRef = 37D86AD32BEA3E550064DCE4 /* AdminLeaveList.swift */; };
		542545B52BE4B67700F02AF6 /* LabTestCardData.swift in Sources */ = {isa = PBXBuildFile; fileRef = 542545B42BE4B67700F02AF6 /* LabTestCardData.swift */; };
		B15543832BEB3A240019E9DB /* slotChangeDoctor.swift in Sources */ = {isa = PBXBuildFile; fileRef = B15543822BEB3A240019E9DB /* slotChangeDoctor.swift */; };
		B15543852BEB3A480019E9DB /* leaveRequestPicker.swift in Sources */ = {isa = PBXBuildFile; fileRef = B15543842BEB3A480019E9DB /* leaveRequestPicker.swift */; };
		B1639D092BD8DA1700EAB15E /* CentralisedFonts.swift in Sources */ = {isa = PBXBuildFile; fileRef = B1639D082BD8DA1700EAB15E /* CentralisedFonts.swift */; };
		B1639D0B2BD8DA3700EAB15E /* patientHomeSwiftUIView.swift in Sources */ = {isa = PBXBuildFile; fileRef = B1639D0A2BD8DA3700EAB15E /* patientHomeSwiftUIView.swift */; };
		B1639D0D2BD8DA4C00EAB15E /* patientNotificationSwiftUIView.swift in Sources */ = {isa = PBXBuildFile; fileRef = B1639D0C2BD8DA4C00EAB15E /* patientNotificationSwiftUIView.swift */; };
		B1639D0F2BD8DA6500EAB15E /* bookAppointmentSwiftUIView.swift in Sources */ = {isa = PBXBuildFile; fileRef = B1639D0E2BD8DA6500EAB15E /* bookAppointmentSwiftUIView.swift */; };
		B1639D112BD8DA7700EAB15E /* SpecialitySwiftUIView.swift in Sources */ = {isa = PBXBuildFile; fileRef = B1639D102BD8DA7700EAB15E /* SpecialitySwiftUIView.swift */; };
		B1639D132BD8DA8200EAB15E /* SosCallSwiftUIView.swift in Sources */ = {isa = PBXBuildFile; fileRef = B1639D122BD8DA8200EAB15E /* SosCallSwiftUIView.swift */; };
		B1639D152BD8E2AD00EAB15E /* patientAppointmentCard.swift in Sources */ = {isa = PBXBuildFile; fileRef = B1639D142BD8E2AD00EAB15E /* patientAppointmentCard.swift */; };
		B1639D172BD8E31300EAB15E /* appointmentCardDataM.swift in Sources */ = {isa = PBXBuildFile; fileRef = B1639D162BD8E31300EAB15E /* appointmentCardDataM.swift */; };
		B1639D192BD9219B00EAB15E /* DoctorsList.swift in Sources */ = {isa = PBXBuildFile; fileRef = B1639D182BD9219B00EAB15E /* DoctorsList.swift */; };
		B1639D1B2BD923F400EAB15E /* DoctorNameUIView.swift in Sources */ = {isa = PBXBuildFile; fileRef = B1639D1A2BD923F400EAB15E /* DoctorNameUIView.swift */; };
		B1639D1D2BD9260100EAB15E /* slotsAvailableSwiftUIView.swift in Sources */ = {isa = PBXBuildFile; fileRef = B1639D1C2BD9260100EAB15E /* slotsAvailableSwiftUIView.swift */; };
		B1639D1F2BDA465500EAB15E /* patientTabItems.swift in Sources */ = {isa = PBXBuildFile; fileRef = B1639D1E2BDA465500EAB15E /* patientTabItems.swift */; };
		B164324B2BE49B150002227C /* viewLabReportSwiftUIView.swift in Sources */ = {isa = PBXBuildFile; fileRef = B164324A2BE49B150002227C /* viewLabReportSwiftUIView.swift */; };
		B164324D2BE49B950002227C /* addPrescription.swift in Sources */ = {isa = PBXBuildFile; fileRef = B164324C2BE49B950002227C /* addPrescription.swift */; };
/* End PBXBuildFile section */

/* Begin PBXContainerItemProxy section */
		176900312BD2A94700F5F81E /* PBXContainerItemProxy */ = {
			isa = PBXContainerItemProxy;
			containerPortal = 176900182BD2A94500F5F81E /* Project object */;
			proxyType = 1;
			remoteGlobalIDString = 1769001F2BD2A94500F5F81E;
			remoteInfo = "Team-7-HMS";
		};
		1769003B2BD2A94700F5F81E /* PBXContainerItemProxy */ = {
			isa = PBXContainerItemProxy;
			containerPortal = 176900182BD2A94500F5F81E /* Project object */;
			proxyType = 1;
			remoteGlobalIDString = 1769001F2BD2A94500F5F81E;
			remoteInfo = "Team-7-HMS";
		};
/* End PBXContainerItemProxy section */

/* Begin PBXFileReference section */
		095E99A92BDF711E00BF9CAE /* PickerView.swift */ = {isa = PBXFileReference; lastKnownFileType = sourcecode.swift; path = PickerView.swift; sourceTree = "<group>"; };
		095E99AB2BE0E4E300BF9CAE /* ViewPrescription.swift */ = {isa = PBXFileReference; lastKnownFileType = sourcecode.swift; path = ViewPrescription.swift; sourceTree = "<group>"; };
		095E99B32BE4E1DF00BF9CAE /* LabTestCard.swift */ = {isa = PBXFileReference; lastKnownFileType = sourcecode.swift; path = LabTestCard.swift; sourceTree = "<group>"; };
		095E99B52BE4E29200BF9CAE /* LabRecords.swift */ = {isa = PBXFileReference; lastKnownFileType = sourcecode.swift; path = LabRecords.swift; sourceTree = "<group>"; };
		096DA7CA2BDA0AF800241449 /* BookAppointment.swift */ = {isa = PBXFileReference; lastKnownFileType = sourcecode.swift; path = BookAppointment.swift; sourceTree = "<group>"; };
		096DA7CC2BDA457800241449 /* BookLab.swift */ = {isa = PBXFileReference; lastKnownFileType = sourcecode.swift; path = BookLab.swift; sourceTree = "<group>"; };
		133642732BDF77B000926989 /* LabReportUploadView.swift */ = {isa = PBXFileReference; lastKnownFileType = sourcecode.swift; path = LabReportUploadView.swift; sourceTree = "<group>"; };
		13D816D02BD901ED00D36A9C /* OnBoardingDoctor.swift */ = {isa = PBXFileReference; lastKnownFileType = sourcecode.swift; path = OnBoardingDoctor.swift; sourceTree = "<group>"; };
		13D97B212BEA456A00A59B6B /* doctorLeaveApplication.swift */ = {isa = PBXFileReference; lastKnownFileType = sourcecode.swift; path = doctorLeaveApplication.swift; sourceTree = "<group>"; };
		13EF0E362BD7A4A80015FDDA /* OnBoardingScreen.swift */ = {isa = PBXFileReference; lastKnownFileType = sourcecode.swift; path = OnBoardingScreen.swift; sourceTree = "<group>"; };
		13FA586A2BD7BDCC00AC8CA4 /* SignUpScreen.swift */ = {isa = PBXFileReference; lastKnownFileType = sourcecode.swift; path = SignUpScreen.swift; sourceTree = "<group>"; };
		171925552BE0DC8B0012E54D /* DoctorView.swift */ = {isa = PBXFileReference; lastKnownFileType = sourcecode.swift; path = DoctorView.swift; sourceTree = "<group>"; };
		171FE8D32BEB36620016167E /* PrescriptionModel.swift */ = {isa = PBXFileReference; lastKnownFileType = sourcecode.swift; path = PrescriptionModel.swift; sourceTree = "<group>"; };
		171FE8D52BEB36810016167E /* MedicineModel.swift */ = {isa = PBXFileReference; lastKnownFileType = sourcecode.swift; path = MedicineModel.swift; sourceTree = "<group>"; };
		171FE8D72BEB41600016167E /* PatientAppointmentView.swift */ = {isa = PBXFileReference; lastKnownFileType = sourcecode.swift; path = PatientAppointmentView.swift; sourceTree = "<group>"; };
		171FE8D92BEB576D0016167E /* PatientAppointmentViewCard.swift */ = {isa = PBXFileReference; lastKnownFileType = sourcecode.swift; path = PatientAppointmentViewCard.swift; sourceTree = "<group>"; };
		174C2D062BD629D200945401 /* LoginScreen.swift */ = {isa = PBXFileReference; lastKnownFileType = sourcecode.swift; path = LoginScreen.swift; sourceTree = "<group>"; };
		175AD9D12BE3973B006E3347 /* Some-Saves.swift */ = {isa = PBXFileReference; lastKnownFileType = sourcecode.swift; path = "Some-Saves.swift"; sourceTree = "<group>"; };
		175AD9D52BE3B7B0006E3347 /* NetworkMonitor.swift */ = {isa = PBXFileReference; lastKnownFileType = sourcecode.swift; path = NetworkMonitor.swift; sourceTree = "<group>"; };
		176900202BD2A94500F5F81E /* Team-7-HMS.app */ = {isa = PBXFileReference; explicitFileType = wrapper.application; includeInIndex = 0; path = "Team-7-HMS.app"; sourceTree = BUILT_PRODUCTS_DIR; };
		176900232BD2A94500F5F81E /* Team_7_HMSApp.swift */ = {isa = PBXFileReference; lastKnownFileType = sourcecode.swift; path = Team_7_HMSApp.swift; sourceTree = "<group>"; };
		176900252BD2A94500F5F81E /* ContentView.swift */ = {isa = PBXFileReference; lastKnownFileType = sourcecode.swift; path = ContentView.swift; sourceTree = "<group>"; };
		176900272BD2A94700F5F81E /* Assets.xcassets */ = {isa = PBXFileReference; lastKnownFileType = folder.assetcatalog; path = Assets.xcassets; sourceTree = "<group>"; };
		1769002A2BD2A94700F5F81E /* Preview Assets.xcassets */ = {isa = PBXFileReference; lastKnownFileType = folder.assetcatalog; path = "Preview Assets.xcassets"; sourceTree = "<group>"; };
		176900302BD2A94700F5F81E /* Team-7-HMSTests.xctest */ = {isa = PBXFileReference; explicitFileType = wrapper.cfbundle; includeInIndex = 0; path = "Team-7-HMSTests.xctest"; sourceTree = BUILT_PRODUCTS_DIR; };
		176900342BD2A94700F5F81E /* Team_7_HMSTests.swift */ = {isa = PBXFileReference; lastKnownFileType = sourcecode.swift; path = Team_7_HMSTests.swift; sourceTree = "<group>"; };
		1769003A2BD2A94700F5F81E /* Team-7-HMSUITests.xctest */ = {isa = PBXFileReference; explicitFileType = wrapper.cfbundle; includeInIndex = 0; path = "Team-7-HMSUITests.xctest"; sourceTree = BUILT_PRODUCTS_DIR; };
		1769003E2BD2A94700F5F81E /* Team_7_HMSUITests.swift */ = {isa = PBXFileReference; lastKnownFileType = sourcecode.swift; path = Team_7_HMSUITests.swift; sourceTree = "<group>"; };
		176900402BD2A94700F5F81E /* Team_7_HMSUITestsLaunchTests.swift */ = {isa = PBXFileReference; lastKnownFileType = sourcecode.swift; path = Team_7_HMSUITestsLaunchTests.swift; sourceTree = "<group>"; };
		1769005A2BD6201600F5F81E /* signInBack.swift */ = {isa = PBXFileReference; lastKnownFileType = sourcecode.swift; path = signInBack.swift; sourceTree = "<group>"; };
		17B32FC82BE88AF000ADAB3B /* AppointmentDataModel.swift */ = {isa = PBXFileReference; lastKnownFileType = sourcecode.swift; path = AppointmentDataModel.swift; sourceTree = "<group>"; };
		17B32FCA2BE88E5C00ADAB3B /* ForDoctorPatientAppointmentView.swift */ = {isa = PBXFileReference; lastKnownFileType = sourcecode.swift; path = ForDoctorPatientAppointmentView.swift; sourceTree = "<group>"; };
		17B32FCC2BE8927100ADAB3B /* DoctorAppointmentCard.swift */ = {isa = PBXFileReference; lastKnownFileType = sourcecode.swift; path = DoctorAppointmentCard.swift; sourceTree = "<group>"; };
		17B32FCE2BE896D100ADAB3B /* MedicalRecordView.swift */ = {isa = PBXFileReference; lastKnownFileType = sourcecode.swift; path = MedicalRecordView.swift; sourceTree = "<group>"; };
		17B32FD02BE8996100ADAB3B /* PatientMedicalRecord.swift */ = {isa = PBXFileReference; lastKnownFileType = sourcecode.swift; path = PatientMedicalRecord.swift; sourceTree = "<group>"; };
		17B32FD22BE8B90300ADAB3B /* MedicineView.swift */ = {isa = PBXFileReference; lastKnownFileType = sourcecode.swift; path = MedicineView.swift; sourceTree = "<group>"; };
		17B32FD42BE8D62600ADAB3B /* OldAppointment.swift */ = {isa = PBXFileReference; lastKnownFileType = sourcecode.swift; path = OldAppointment.swift; sourceTree = "<group>"; };
		17F63AB92BD6340D0089511F /* GoogleService-Info.plist */ = {isa = PBXFileReference; fileEncoding = 4; lastKnownFileType = text.plist.xml; path = "GoogleService-Info.plist"; sourceTree = "<group>"; };
		17F63AEC2BD63E440089511F /* AppDelegate.swift */ = {isa = PBXFileReference; lastKnownFileType = sourcecode.swift; path = AppDelegate.swift; sourceTree = "<group>"; };
		17F63AEE2BD640570089511F /* Info.plist */ = {isa = PBXFileReference; lastKnownFileType = text.plist; path = Info.plist; sourceTree = "<group>"; };
		17F63AEF2BD671080089511F /* +View.swift */ = {isa = PBXFileReference; lastKnownFileType = sourcecode.swift; path = "+View.swift"; sourceTree = "<group>"; };
		17F63AF62BD7A1750089511F /* AddDoctorDetails.swift */ = {isa = PBXFileReference; lastKnownFileType = sourcecode.swift; path = AddDoctorDetails.swift; sourceTree = "<group>"; };
		17F63AF82BD7A1BF0089511F /* FirebaseHelperFunctions.swift */ = {isa = PBXFileReference; lastKnownFileType = sourcecode.swift; path = FirebaseHelperFunctions.swift; sourceTree = "<group>"; };
		17F63AFC2BD7A27E0089511F /* GeneratePassword.swift */ = {isa = PBXFileReference; lastKnownFileType = sourcecode.swift; path = GeneratePassword.swift; sourceTree = "<group>"; };
		17F63AFE2BD7A2A20089511F /* SendCredentials.swift */ = {isa = PBXFileReference; lastKnownFileType = sourcecode.swift; path = SendCredentials.swift; sourceTree = "<group>"; };
		17F63B262BDA127D0089511F /* AppState.swift */ = {isa = PBXFileReference; lastKnownFileType = sourcecode.swift; path = AppState.swift; sourceTree = "<group>"; };
		17F63B292BDA164F0089511F /* UserModel.swift */ = {isa = PBXFileReference; lastKnownFileType = sourcecode.swift; path = UserModel.swift; sourceTree = "<group>"; };
		17F63B2B2BDA1AFB0089511F /* SplashScreen.swift */ = {isa = PBXFileReference; lastKnownFileType = sourcecode.swift; path = SplashScreen.swift; sourceTree = "<group>"; };
		17F7C6662BDE177C00720B5E /* EmailFunctions.swift */ = {isa = PBXFileReference; lastKnownFileType = sourcecode.swift; path = EmailFunctions.swift; sourceTree = "<group>"; };
		17F7C6682BDE42C600720B5E /* PatientView.swift */ = {isa = PBXFileReference; lastKnownFileType = sourcecode.swift; path = PatientView.swift; sourceTree = "<group>"; };
		17F7C66A2BDE528300720B5E /* BookingView.swift */ = {isa = PBXFileReference; lastKnownFileType = sourcecode.swift; path = BookingView.swift; sourceTree = "<group>"; };
		17F7C66E2BDEC37A00720B5E /* AdminHomeView.swift */ = {isa = PBXFileReference; lastKnownFileType = sourcecode.swift; path = AdminHomeView.swift; sourceTree = "<group>"; };
		17F7C6702BDEC8D400720B5E /* Just-Some.swift */ = {isa = PBXFileReference; lastKnownFileType = sourcecode.swift; path = "Just-Some.swift"; sourceTree = "<group>"; };
		17F7C6722BE00E8100720B5E /* DoctorDetails.swift */ = {isa = PBXFileReference; lastKnownFileType = sourcecode.swift; path = DoctorDetails.swift; sourceTree = "<group>"; };
		360295FA2BD7AD69001C1397 /* DoctorLoginScreenView.swift */ = {isa = PBXFileReference; lastKnownFileType = sourcecode.swift; path = DoctorLoginScreenView.swift; sourceTree = "<group>"; };
		360295FE2BD7DB92001C1397 /* medicalConditions.swift */ = {isa = PBXFileReference; lastKnownFileType = sourcecode.swift; path = medicalConditions.swift; sourceTree = "<group>"; };
		3621E0A32BDF700400F22807 /* PatientDetails.swift */ = {isa = PBXFileReference; lastKnownFileType = sourcecode.swift; path = PatientDetails.swift; sourceTree = "<group>"; };
		3626C4872BE4A69E00FA8C61 /* BookLabRecordsView.swift */ = {isa = PBXFileReference; lastKnownFileType = sourcecode.swift; path = BookLabRecordsView.swift; sourceTree = "<group>"; };
		3626C4892BE4AE0300FA8C61 /* MedicalTestsBookingView.swift */ = {isa = PBXFileReference; lastKnownFileType = sourcecode.swift; path = MedicalTestsBookingView.swift; sourceTree = "<group>"; };
		364631FA2BDA1E6600DD53CC /* HealthKitAppIntegration.swift */ = {isa = PBXFileReference; lastKnownFileType = sourcecode.swift; path = HealthKitAppIntegration.swift; sourceTree = "<group>"; };
		364631FC2BDA1E9500DD53CC /* Team-7-HMS.entitlements */ = {isa = PBXFileReference; lastKnownFileType = text.plist.entitlements; path = "Team-7-HMS.entitlements"; sourceTree = "<group>"; };
		367FFA5E2BE34F5F007A995D /* PatientDetailsAppointmentView.swift */ = {isa = PBXFileReference; lastKnownFileType = sourcecode.swift; path = PatientDetailsAppointmentView.swift; sourceTree = "<group>"; };
		367FFA602BE38289007A995D /* AppointmentDataView.swift */ = {isa = PBXFileReference; lastKnownFileType = sourcecode.swift; path = AppointmentDataView.swift; sourceTree = "<group>"; };
		369ADAEF2BDE1CB60062CFDD /* AddingSlots.swift */ = {isa = PBXFileReference; lastKnownFileType = sourcecode.swift; path = AddingSlots.swift; sourceTree = "<group>"; };
		369ADAF12BDE85200062CFDD /* navt.swift */ = {isa = PBXFileReference; lastKnownFileType = sourcecode.swift; path = navt.swift; sourceTree = "<group>"; };
		36ACD1C72BEB325B0094550D /* RescheduleAppointmentsView.swift */ = {isa = PBXFileReference; lastKnownFileType = sourcecode.swift; path = RescheduleAppointmentsView.swift; sourceTree = "<group>"; };
		36B1F1772BDD2C3000D5A9DF /* AppointmentModel.swift */ = {isa = PBXFileReference; lastKnownFileType = sourcecode.swift; path = AppointmentModel.swift; sourceTree = "<group>"; };
		36F93E422BE7E2B100AC1EE8 /* PatientMedicalRecordView.swift */ = {isa = PBXFileReference; lastKnownFileType = sourcecode.swift; path = PatientMedicalRecordView.swift; sourceTree = "<group>"; };
		36F93E442BE7E49800AC1EE8 /* UpcomingMedicalRecodsView.swift */ = {isa = PBXFileReference; lastKnownFileType = sourcecode.swift; path = UpcomingMedicalRecodsView.swift; sourceTree = "<group>"; };
		36F93E462BE7E77F00AC1EE8 /* CompletedMedicalTestsView.swift */ = {isa = PBXFileReference; lastKnownFileType = sourcecode.swift; path = CompletedMedicalTestsView.swift; sourceTree = "<group>"; };
		36F93E482BE8004200AC1EE8 /* MedicalTestsReminderFunctions.swift */ = {isa = PBXFileReference; lastKnownFileType = sourcecode.swift; path = MedicalTestsReminderFunctions.swift; sourceTree = "<group>"; };
		36F93E4A2BE8BCC800AC1EE8 /* ReportsListView.swift */ = {isa = PBXFileReference; lastKnownFileType = sourcecode.swift; path = ReportsListView.swift; sourceTree = "<group>"; };
		36F93E4D2BE9273A00AC1EE8 /* SymptomsRecommendationView.swift */ = {isa = PBXFileReference; lastKnownFileType = sourcecode.swift; path = SymptomsRecommendationView.swift; sourceTree = "<group>"; };
		36F93E512BE9279D00AC1EE8 /* APIKey.swift */ = {isa = PBXFileReference; lastKnownFileType = sourcecode.swift; path = APIKey.swift; sourceTree = "<group>"; };
		36F93E532BE927C700AC1EE8 /* GenerativeAI-Info.plist */ = {isa = PBXFileReference; lastKnownFileType = text.plist.xml; path = "GenerativeAI-Info.plist"; sourceTree = "<group>"; };
		36F93E582BE94A3500AC1EE8 /* SymptomOutPutPageView.swift */ = {isa = PBXFileReference; lastKnownFileType = sourcecode.swift; path = SymptomOutPutPageView.swift; sourceTree = "<group>"; };
		36F93E962BEA18EB00AC1EE8 /* loadingScreen.gif */ = {isa = PBXFileReference; lastKnownFileType = image.gif; name = loadingScreen.gif; path = ../../../../Downloads/loadingScreen.gif; sourceTree = "<group>"; };
		3763784E2BD7D15900CB6198 /* PatientHistory.swift */ = {isa = PBXFileReference; lastKnownFileType = sourcecode.swift; path = PatientHistory.swift; sourceTree = "<group>"; };
		37D3A1462BDA48B000C04F35 /* DoctorAppointmentCardData.swift */ = {isa = PBXFileReference; lastKnownFileType = sourcecode.swift; path = DoctorAppointmentCardData.swift; sourceTree = "<group>"; };
		37D3A14A2BDA492000C04F35 /* DoctorHomeSwiftUI.swift */ = {isa = PBXFileReference; lastKnownFileType = sourcecode.swift; path = DoctorHomeSwiftUI.swift; sourceTree = "<group>"; };
		37D86AAC2BE353E80064DCE4 /* StaffData.swift */ = {isa = PBXFileReference; lastKnownFileType = sourcecode.swift; path = StaffData.swift; sourceTree = "<group>"; };
		37D86AB02BE362A90064DCE4 /* AdminDashboard.swift */ = {isa = PBXFileReference; lastKnownFileType = sourcecode.swift; path = AdminDashboard.swift; sourceTree = "<group>"; };
		37D86AC92BEA32960064DCE4 /* LeaveApplication.swift */ = {isa = PBXFileReference; lastKnownFileType = sourcecode.swift; path = LeaveApplication.swift; sourceTree = "<group>"; };
		37D86ACB2BEA32C50064DCE4 /* LeaveApplicationDetail.swift */ = {isa = PBXFileReference; lastKnownFileType = sourcecode.swift; path = LeaveApplicationDetail.swift; sourceTree = "<group>"; };
		37D86ACD2BEA3E0B0064DCE4 /* LeaveCardData.swift */ = {isa = PBXFileReference; lastKnownFileType = sourcecode.swift; path = LeaveCardData.swift; sourceTree = "<group>"; };
		37D86ACF2BEA3E200064DCE4 /* LeaveCard.swift */ = {isa = PBXFileReference; lastKnownFileType = sourcecode.swift; path = LeaveCard.swift; sourceTree = "<group>"; };
		37D86AD12BEA3E3F0064DCE4 /* ForAdminLeaveView.swift */ = {isa = PBXFileReference; lastKnownFileType = sourcecode.swift; path = ForAdminLeaveView.swift; sourceTree = "<group>"; };
		37D86AD32BEA3E550064DCE4 /* AdminLeaveList.swift */ = {isa = PBXFileReference; lastKnownFileType = sourcecode.swift; path = AdminLeaveList.swift; sourceTree = "<group>"; };
		542545B42BE4B67700F02AF6 /* LabTestCardData.swift */ = {isa = PBXFileReference; lastKnownFileType = sourcecode.swift; path = LabTestCardData.swift; sourceTree = "<group>"; };
		B15543822BEB3A240019E9DB /* slotChangeDoctor.swift */ = {isa = PBXFileReference; lastKnownFileType = sourcecode.swift; path = slotChangeDoctor.swift; sourceTree = "<group>"; };
		B15543842BEB3A480019E9DB /* leaveRequestPicker.swift */ = {isa = PBXFileReference; lastKnownFileType = sourcecode.swift; path = leaveRequestPicker.swift; sourceTree = "<group>"; };
		B1639D082BD8DA1700EAB15E /* CentralisedFonts.swift */ = {isa = PBXFileReference; lastKnownFileType = sourcecode.swift; path = CentralisedFonts.swift; sourceTree = "<group>"; };
		B1639D0A2BD8DA3700EAB15E /* patientHomeSwiftUIView.swift */ = {isa = PBXFileReference; lastKnownFileType = sourcecode.swift; path = patientHomeSwiftUIView.swift; sourceTree = "<group>"; };
		B1639D0C2BD8DA4C00EAB15E /* patientNotificationSwiftUIView.swift */ = {isa = PBXFileReference; lastKnownFileType = sourcecode.swift; path = patientNotificationSwiftUIView.swift; sourceTree = "<group>"; };
		B1639D0E2BD8DA6500EAB15E /* bookAppointmentSwiftUIView.swift */ = {isa = PBXFileReference; lastKnownFileType = sourcecode.swift; path = bookAppointmentSwiftUIView.swift; sourceTree = "<group>"; };
		B1639D102BD8DA7700EAB15E /* SpecialitySwiftUIView.swift */ = {isa = PBXFileReference; lastKnownFileType = sourcecode.swift; path = SpecialitySwiftUIView.swift; sourceTree = "<group>"; };
		B1639D122BD8DA8200EAB15E /* SosCallSwiftUIView.swift */ = {isa = PBXFileReference; lastKnownFileType = sourcecode.swift; path = SosCallSwiftUIView.swift; sourceTree = "<group>"; };
		B1639D142BD8E2AD00EAB15E /* patientAppointmentCard.swift */ = {isa = PBXFileReference; lastKnownFileType = sourcecode.swift; path = patientAppointmentCard.swift; sourceTree = "<group>"; };
		B1639D162BD8E31300EAB15E /* appointmentCardDataM.swift */ = {isa = PBXFileReference; lastKnownFileType = sourcecode.swift; path = appointmentCardDataM.swift; sourceTree = "<group>"; };
		B1639D182BD9219B00EAB15E /* DoctorsList.swift */ = {isa = PBXFileReference; lastKnownFileType = sourcecode.swift; path = DoctorsList.swift; sourceTree = "<group>"; };
		B1639D1A2BD923F400EAB15E /* DoctorNameUIView.swift */ = {isa = PBXFileReference; lastKnownFileType = sourcecode.swift; path = DoctorNameUIView.swift; sourceTree = "<group>"; };
		B1639D1C2BD9260100EAB15E /* slotsAvailableSwiftUIView.swift */ = {isa = PBXFileReference; lastKnownFileType = sourcecode.swift; path = slotsAvailableSwiftUIView.swift; sourceTree = "<group>"; };
		B1639D1E2BDA465500EAB15E /* patientTabItems.swift */ = {isa = PBXFileReference; lastKnownFileType = sourcecode.swift; path = patientTabItems.swift; sourceTree = "<group>"; };
		B164324A2BE49B150002227C /* viewLabReportSwiftUIView.swift */ = {isa = PBXFileReference; lastKnownFileType = sourcecode.swift; path = viewLabReportSwiftUIView.swift; sourceTree = "<group>"; };
		B164324C2BE49B950002227C /* addPrescription.swift */ = {isa = PBXFileReference; lastKnownFileType = sourcecode.swift; path = addPrescription.swift; sourceTree = "<group>"; };
/* End PBXFileReference section */

/* Begin PBXFrameworksBuildPhase section */
		1769001D2BD2A94500F5F81E /* Frameworks */ = {
			isa = PBXFrameworksBuildPhase;
			buildActionMask = 2147483647;
			files = (
				17F63AC42BD634EB0089511F /* FirebaseDatabase in Frameworks */,
				17F63AD22BD634EB0089511F /* FirebaseFunctionsCombine-Community in Frameworks */,
				17F63ACA2BD634EB0089511F /* FirebaseFirestore in Frameworks */,
				176900552BD61B2400F5F81E /* FirebaseAnalyticsSwift in Frameworks */,
				176900512BD61B2400F5F81E /* FirebaseAnalytics in Frameworks */,
				176900532BD61B2400F5F81E /* FirebaseAnalyticsOnDeviceConversion in Frameworks */,
				17F63ADA2BD634EB0089511F /* FirebaseMLModelDownloader in Frameworks */,
				17F63AEA2BD636610089511F /* GoogleSignInSwift in Frameworks */,
				17F63ACE2BD634EB0089511F /* FirebaseFirestoreSwift in Frameworks */,
				37D86AB42BE3655B0064DCE4 /* SwiftUICharts in Frameworks */,
				176900592BD61B2400F5F81E /* FirebaseAppCheck in Frameworks */,
				176900572BD61B2400F5F81E /* FirebaseAnalyticsWithoutAdIdSupport in Frameworks */,
				17F63ABE2BD634EB0089511F /* FirebaseAuth in Frameworks */,
				17F63AC22BD634EB0089511F /* FirebaseCrashlytics in Frameworks */,
				17F63AE22BD634EB0089511F /* FirebaseRemoteConfigSwift in Frameworks */,
				17F63AE82BD636610089511F /* GoogleSignIn in Frameworks */,
				17F63AD42BD634EB0089511F /* FirebaseInAppMessaging-Beta in Frameworks */,
				17F63AC62BD634EB0089511F /* FirebaseDatabaseSwift in Frameworks */,
				17F63AD02BD634EB0089511F /* FirebaseFunctions in Frameworks */,
				17F63AE62BD634EB0089511F /* FirebaseStorageCombine-Community in Frameworks */,
				36F93E572BE9490F00AC1EE8 /* SDWebImageSwiftUI in Frameworks */,
				36F93E502BE9276400AC1EE8 /* GoogleGenerativeAI in Frameworks */,
				17F63AE02BD634EB0089511F /* FirebaseRemoteConfig in Frameworks */,
				17F63ABC2BD634EB0089511F /* FirebaseAppDistribution-Beta in Frameworks */,
				17F63AC02BD634EB0089511F /* FirebaseAuthCombine-Community in Frameworks */,
				17F63ADE2BD634EB0089511F /* FirebasePerformance in Frameworks */,
				17F63AD62BD634EB0089511F /* FirebaseInAppMessagingSwift-Beta in Frameworks */,
				17F63AE42BD634EB0089511F /* FirebaseStorage in Frameworks */,
				17F63AC82BD634EB0089511F /* FirebaseDynamicLinks in Frameworks */,
				17F63ACC2BD634EB0089511F /* FirebaseFirestoreCombine-Community in Frameworks */,
				17F63ADC2BD634EB0089511F /* FirebaseMessaging in Frameworks */,
				17F63AD82BD634EB0089511F /* FirebaseInstallations in Frameworks */,
			);
			runOnlyForDeploymentPostprocessing = 0;
		};
		1769002D2BD2A94700F5F81E /* Frameworks */ = {
			isa = PBXFrameworksBuildPhase;
			buildActionMask = 2147483647;
			files = (
			);
			runOnlyForDeploymentPostprocessing = 0;
		};
		176900372BD2A94700F5F81E /* Frameworks */ = {
			isa = PBXFrameworksBuildPhase;
			buildActionMask = 2147483647;
			files = (
			);
			runOnlyForDeploymentPostprocessing = 0;
		};
/* End PBXFrameworksBuildPhase section */

/* Begin PBXGroup section */
		096DA7C92BDA0AD800241449 /* LabReports */ = {
			isa = PBXGroup;
			children = (
				096DA7CA2BDA0AF800241449 /* BookAppointment.swift */,
				095E99B52BE4E29200BF9CAE /* LabRecords.swift */,
				096DA7CC2BDA457800241449 /* BookLab.swift */,
				095E99A92BDF711E00BF9CAE /* PickerView.swift */,
			);
			path = LabReports;
			sourceTree = "<group>";
		};
		176900172BD2A94500F5F81E = {
			isa = PBXGroup;
			children = (
				176900222BD2A94500F5F81E /* Team-7-HMS */,
				1769003D2BD2A94700F5F81E /* Team-7-HMSUITests */,
				176900212BD2A94500F5F81E /* Products */,
			);
			sourceTree = "<group>";
		};
		176900212BD2A94500F5F81E /* Products */ = {
			isa = PBXGroup;
			children = (
				176900202BD2A94500F5F81E /* Team-7-HMS.app */,
				176900302BD2A94700F5F81E /* Team-7-HMSTests.xctest */,
				1769003A2BD2A94700F5F81E /* Team-7-HMSUITests.xctest */,
			);
			name = Products;
			sourceTree = "<group>";
		};
		176900222BD2A94500F5F81E /* Team-7-HMS */ = {
			isa = PBXGroup;
			children = (
				364631FC2BDA1E9500DD53CC /* Team-7-HMS.entitlements */,
				176900232BD2A94500F5F81E /* Team_7_HMSApp.swift */,
				364631FA2BDA1E6600DD53CC /* HealthKitAppIntegration.swift */,
				176900252BD2A94500F5F81E /* ContentView.swift */,
				17F7C6702BDEC8D400720B5E /* Just-Some.swift */,
				175AD9D12BE3973B006E3347 /* Some-Saves.swift */,
				17F7C6612BDD2B8A00720B5E /* View */,
				17F63B282BDA16440089511F /* Model */,
				17F63AFA2BD7A2420089511F /* ViewModel */,
				B1639D072BD8D9DD00EAB15E /* PatientHome and Appointments */,
				17F63AEB2BD63E380089511F /* Helper */,
				17F63AB92BD6340D0089511F /* GoogleService-Info.plist */,
				17F63AEE2BD640570089511F /* Info.plist */,
				176900272BD2A94700F5F81E /* Assets.xcassets */,
				17F7C66D2BDE887800720B5E /* Redundant */,
				176900292BD2A94700F5F81E /* Preview Content */,
			);
			path = "Team-7-HMS";
			sourceTree = "<group>";
		};
		176900292BD2A94700F5F81E /* Preview Content */ = {
			isa = PBXGroup;
			children = (
				176900332BD2A94700F5F81E /* Team-7-HMSTests */,
				1769002A2BD2A94700F5F81E /* Preview Assets.xcassets */,
			);
			path = "Preview Content";
			sourceTree = "<group>";
		};
		176900332BD2A94700F5F81E /* Team-7-HMSTests */ = {
			isa = PBXGroup;
			children = (
				176900342BD2A94700F5F81E /* Team_7_HMSTests.swift */,
			);
			path = "Team-7-HMSTests";
			sourceTree = "<group>";
		};
		1769003D2BD2A94700F5F81E /* Team-7-HMSUITests */ = {
			isa = PBXGroup;
			children = (
				1769003E2BD2A94700F5F81E /* Team_7_HMSUITests.swift */,
				176900402BD2A94700F5F81E /* Team_7_HMSUITestsLaunchTests.swift */,
			);
			path = "Team-7-HMSUITests";
			sourceTree = "<group>";
		};
		17F63AEB2BD63E380089511F /* Helper */ = {
			isa = PBXGroup;
			children = (
				36F93E962BEA18EB00AC1EE8 /* loadingScreen.gif */,
				17F63AEC2BD63E440089511F /* AppDelegate.swift */,
				17F63AF82BD7A1BF0089511F /* FirebaseHelperFunctions.swift */,
				17F63B262BDA127D0089511F /* AppState.swift */,
				175AD9D52BE3B7B0006E3347 /* NetworkMonitor.swift */,
				36F93E482BE8004200AC1EE8 /* MedicalTestsReminderFunctions.swift */,
				36F93E512BE9279D00AC1EE8 /* APIKey.swift */,
				36F93E532BE927C700AC1EE8 /* GenerativeAI-Info.plist */,
			);
			path = Helper;
			sourceTree = "<group>";
		};
		17F63AF12BD799660089511F /* Components */ = {
			isa = PBXGroup;
			children = (
				1769005A2BD6201600F5F81E /* signInBack.swift */,
			);
			path = Components;
			sourceTree = "<group>";
		};
		17F63AF22BD799830089511F /* Screen */ = {
			isa = PBXGroup;
			children = (
				B1639D0E2BD8DA6500EAB15E /* bookAppointmentSwiftUIView.swift */,
				3626C4872BE4A69E00FA8C61 /* BookLabRecordsView.swift */,
				3621E0A32BDF700400F22807 /* PatientDetails.swift */,
				B1639D0A2BD8DA3700EAB15E /* patientHomeSwiftUIView.swift */,
				17F7C66A2BDE528300720B5E /* BookingView.swift */,
				B1639D122BD8DA8200EAB15E /* SosCallSwiftUIView.swift */,
				13EF0E362BD7A4A80015FDDA /* OnBoardingScreen.swift */,
				17F63B2B2BDA1AFB0089511F /* SplashScreen.swift */,
				13FA586A2BD7BDCC00AC8CA4 /* SignUpScreen.swift */,
				171FE8D72BEB41600016167E /* PatientAppointmentView.swift */,
				171FE8D92BEB576D0016167E /* PatientAppointmentViewCard.swift */,
				17F63AEF2BD671080089511F /* +View.swift */,
				3763784E2BD7D15900CB6198 /* PatientHistory.swift */,
				369ADAF12BDE85200062CFDD /* navt.swift */,
				B1639D142BD8E2AD00EAB15E /* patientAppointmentCard.swift */,
				174C2D062BD629D200945401 /* LoginScreen.swift */,
				095E99AB2BE0E4E300BF9CAE /* ViewPrescription.swift */,
				367FFA602BE38289007A995D /* AppointmentDataView.swift */,
				36ACD1C72BEB325B0094550D /* RescheduleAppointmentsView.swift */,
				36F93E422BE7E2B100AC1EE8 /* PatientMedicalRecordView.swift */,
				36F93E442BE7E49800AC1EE8 /* UpcomingMedicalRecodsView.swift */,
				36F93E462BE7E77F00AC1EE8 /* CompletedMedicalTestsView.swift */,
				36F93E4D2BE9273A00AC1EE8 /* SymptomsRecommendationView.swift */,
				36F93E582BE94A3500AC1EE8 /* SymptomOutPutPageView.swift */,
			);
			path = Screen;
			sourceTree = "<group>";
		};
		17F63AF32BD7998F0089511F /* Patient */ = {
			isa = PBXGroup;
			children = (
				17F63AF12BD799660089511F /* Components */,
				17F63AF22BD799830089511F /* Screen */,
				17F7C6682BDE42C600720B5E /* PatientView.swift */,
			);
			path = Patient;
			sourceTree = "<group>";
		};
		17F63AF42BD7A10E0089511F /* Doctors */ = {
			isa = PBXGroup;
			children = (
				37D3A1452BDA486600C04F35 /* DoctorHomeScreen */,
				17F63AF52BD7A1380089511F /* Screen */,
				171925552BE0DC8B0012E54D /* DoctorView.swift */,
			);
			path = Doctors;
			sourceTree = "<group>";
		};
		17F63AF52BD7A1380089511F /* Screen */ = {
			isa = PBXGroup;
			children = (
				360295FA2BD7AD69001C1397 /* DoctorLoginScreenView.swift */,
				17B32FCE2BE896D100ADAB3B /* MedicalRecordView.swift */,
				13D816D02BD901ED00D36A9C /* OnBoardingDoctor.swift */,
				17B32FD42BE8D62600ADAB3B /* OldAppointment.swift */,
				133642732BDF77B000926989 /* LabReportUploadView.swift */,
				B164324A2BE49B150002227C /* viewLabReportSwiftUIView.swift */,
				B164324C2BE49B950002227C /* addPrescription.swift */,
				36F93E4A2BE8BCC800AC1EE8 /* ReportsListView.swift */,
				17B32FD22BE8B90300ADAB3B /* MedicineView.swift */,
			);
			path = Screen;
			sourceTree = "<group>";
		};
		17F63AFA2BD7A2420089511F /* ViewModel */ = {
			isa = PBXGroup;
			children = (
				17F63AFB2BD7A24D0089511F /* Doctor */,
				360295FE2BD7DB92001C1397 /* medicalConditions.swift */,
			);
			path = ViewModel;
			sourceTree = "<group>";
		};
		17F63AFB2BD7A24D0089511F /* Doctor */ = {
			isa = PBXGroup;
			children = (
				17F63AFC2BD7A27E0089511F /* GeneratePassword.swift */,
				17F63AFE2BD7A2A20089511F /* SendCredentials.swift */,
				17F7C6662BDE177C00720B5E /* EmailFunctions.swift */,
			);
			path = Doctor;
			sourceTree = "<group>";
		};
		17F63B282BDA16440089511F /* Model */ = {
			isa = PBXGroup;
			children = (
				17F63B292BDA164F0089511F /* UserModel.swift */,
				17B32FD02BE8996100ADAB3B /* PatientMedicalRecord.swift */,
				37D3A1462BDA48B000C04F35 /* DoctorAppointmentCardData.swift */,
				17F7C6722BE00E8100720B5E /* DoctorDetails.swift */,
				B1639D162BD8E31300EAB15E /* appointmentCardDataM.swift */,
				36B1F1772BDD2C3000D5A9DF /* AppointmentModel.swift */,
				542545B42BE4B67700F02AF6 /* LabTestCardData.swift */,
				171FE8D32BEB36620016167E /* PrescriptionModel.swift */,
				171FE8D52BEB36810016167E /* MedicineModel.swift */,
				17B32FC82BE88AF000ADAB3B /* AppointmentDataModel.swift */,
			);
			path = Model;
			sourceTree = "<group>";
		};
		17F7C6612BDD2B8A00720B5E /* View */ = {
			isa = PBXGroup;
			children = (
				37D86AC42BEA317E0064DCE4 /* Leave Management */,
				17F7C6642BDE12DC00720B5E /* Admin */,
				17F63AF42BD7A10E0089511F /* Doctors */,
				17F63AF32BD7998F0089511F /* Patient */,
			);
			path = View;
			sourceTree = "<group>";
		};
		17F7C6642BDE12DC00720B5E /* Admin */ = {
			isa = PBXGroup;
			children = (
				37D86AAB2BE353C60064DCE4 /* Dashboard */,
				17F7C6652BDE12EF00720B5E /* Screen */,
				17F7C66E2BDEC37A00720B5E /* AdminHomeView.swift */,
			);
			path = Admin;
			sourceTree = "<group>";
		};
		17F7C6652BDE12EF00720B5E /* Screen */ = {
			isa = PBXGroup;
			children = (
				17F63AF62BD7A1750089511F /* AddDoctorDetails.swift */,
				369ADAEF2BDE1CB60062CFDD /* AddingSlots.swift */,
			);
			path = Screen;
			sourceTree = "<group>";
		};
		17F7C66D2BDE887800720B5E /* Redundant */ = {
			isa = PBXGroup;
			children = (
				B1639D0C2BD8DA4C00EAB15E /* patientNotificationSwiftUIView.swift */,
				B1639D1E2BDA465500EAB15E /* patientTabItems.swift */,
			);
			path = Redundant;
			sourceTree = "<group>";
		};
		37D3A1452BDA486600C04F35 /* DoctorHomeScreen */ = {
			isa = PBXGroup;
			children = (
				367FFA5E2BE34F5F007A995D /* PatientDetailsAppointmentView.swift */,
				17B32FCA2BE88E5C00ADAB3B /* ForDoctorPatientAppointmentView.swift */,
				37D3A14A2BDA492000C04F35 /* DoctorHomeSwiftUI.swift */,
				17B32FCC2BE8927100ADAB3B /* DoctorAppointmentCard.swift */,
			);
			path = DoctorHomeScreen;
			sourceTree = "<group>";
		};
		37D86AAB2BE353C60064DCE4 /* Dashboard */ = {
			isa = PBXGroup;
			children = (
				37D86AAC2BE353E80064DCE4 /* StaffData.swift */,
				37D86AB02BE362A90064DCE4 /* AdminDashboard.swift */,
			);
			path = Dashboard;
			sourceTree = "<group>";
		};
		37D86AC42BEA317E0064DCE4 /* Leave Management */ = {
			isa = PBXGroup;
			children = (
				37D86AC52BEA31A60064DCE4 /* Staff */,
				37D86AC62BEA31AD0064DCE4 /* Admin */,
			);
			path = "Leave Management";
			sourceTree = "<group>";
		};
		37D86AC52BEA31A60064DCE4 /* Staff */ = {
			isa = PBXGroup;
			children = (
				13D97B212BEA456A00A59B6B /* doctorLeaveApplication.swift */,
				B15543822BEB3A240019E9DB /* slotChangeDoctor.swift */,
				B15543842BEB3A480019E9DB /* leaveRequestPicker.swift */,
			);
			path = Staff;
			sourceTree = "<group>";
		};
		37D86AC62BEA31AD0064DCE4 /* Admin */ = {
			isa = PBXGroup;
			children = (
				37D86AC82BEA32630064DCE4 /* Admin Leave Detail */,
				37D86AC72BEA32150064DCE4 /* Admin Leave List */,
			);
			path = Admin;
			sourceTree = "<group>";
		};
		37D86AC72BEA32150064DCE4 /* Admin Leave List */ = {
			isa = PBXGroup;
			children = (
				37D86ACD2BEA3E0B0064DCE4 /* LeaveCardData.swift */,
				37D86ACF2BEA3E200064DCE4 /* LeaveCard.swift */,
				37D86AD12BEA3E3F0064DCE4 /* ForAdminLeaveView.swift */,
				37D86AD32BEA3E550064DCE4 /* AdminLeaveList.swift */,
			);
			path = "Admin Leave List";
			sourceTree = "<group>";
		};
		37D86AC82BEA32630064DCE4 /* Admin Leave Detail */ = {
			isa = PBXGroup;
			children = (
				37D86AC92BEA32960064DCE4 /* LeaveApplication.swift */,
				37D86ACB2BEA32C50064DCE4 /* LeaveApplicationDetail.swift */,
			);
			path = "Admin Leave Detail";
			sourceTree = "<group>";
		};
		B1639D072BD8D9DD00EAB15E /* PatientHome and Appointments */ = {
			isa = PBXGroup;
			children = (
				096DA7C92BDA0AD800241449 /* LabReports */,
				B1639D082BD8DA1700EAB15E /* CentralisedFonts.swift */,
				095E99B32BE4E1DF00BF9CAE /* LabTestCard.swift */,
				B1639D102BD8DA7700EAB15E /* SpecialitySwiftUIView.swift */,
				3626C4892BE4AE0300FA8C61 /* MedicalTestsBookingView.swift */,
				B1639D1A2BD923F400EAB15E /* DoctorNameUIView.swift */,
				B1639D182BD9219B00EAB15E /* DoctorsList.swift */,
				B1639D1C2BD9260100EAB15E /* slotsAvailableSwiftUIView.swift */,
			);
			path = "PatientHome and Appointments";
			sourceTree = "<group>";
		};
/* End PBXGroup section */

/* Begin PBXNativeTarget section */
		1769001F2BD2A94500F5F81E /* Team-7-HMS */ = {
			isa = PBXNativeTarget;
			buildConfigurationList = 176900442BD2A94700F5F81E /* Build configuration list for PBXNativeTarget "Team-7-HMS" */;
			buildPhases = (
				1769001C2BD2A94500F5F81E /* Sources */,
				1769001D2BD2A94500F5F81E /* Frameworks */,
				1769001E2BD2A94500F5F81E /* Resources */,
			);
			buildRules = (
			);
			dependencies = (
			);
			name = "Team-7-HMS";
			packageProductDependencies = (
				176900502BD61B2400F5F81E /* FirebaseAnalytics */,
				176900522BD61B2400F5F81E /* FirebaseAnalyticsOnDeviceConversion */,
				176900542BD61B2400F5F81E /* FirebaseAnalyticsSwift */,
				176900562BD61B2400F5F81E /* FirebaseAnalyticsWithoutAdIdSupport */,
				176900582BD61B2400F5F81E /* FirebaseAppCheck */,
				17F63ABB2BD634EB0089511F /* FirebaseAppDistribution-Beta */,
				17F63ABD2BD634EB0089511F /* FirebaseAuth */,
				17F63ABF2BD634EB0089511F /* FirebaseAuthCombine-Community */,
				17F63AC12BD634EB0089511F /* FirebaseCrashlytics */,
				17F63AC32BD634EB0089511F /* FirebaseDatabase */,
				17F63AC52BD634EB0089511F /* FirebaseDatabaseSwift */,
				17F63AC72BD634EB0089511F /* FirebaseDynamicLinks */,
				17F63AC92BD634EB0089511F /* FirebaseFirestore */,
				17F63ACB2BD634EB0089511F /* FirebaseFirestoreCombine-Community */,
				17F63ACD2BD634EB0089511F /* FirebaseFirestoreSwift */,
				17F63ACF2BD634EB0089511F /* FirebaseFunctions */,
				17F63AD12BD634EB0089511F /* FirebaseFunctionsCombine-Community */,
				17F63AD32BD634EB0089511F /* FirebaseInAppMessaging-Beta */,
				17F63AD52BD634EB0089511F /* FirebaseInAppMessagingSwift-Beta */,
				17F63AD72BD634EB0089511F /* FirebaseInstallations */,
				17F63AD92BD634EB0089511F /* FirebaseMLModelDownloader */,
				17F63ADB2BD634EB0089511F /* FirebaseMessaging */,
				17F63ADD2BD634EB0089511F /* FirebasePerformance */,
				17F63ADF2BD634EB0089511F /* FirebaseRemoteConfig */,
				17F63AE12BD634EB0089511F /* FirebaseRemoteConfigSwift */,
				17F63AE32BD634EB0089511F /* FirebaseStorage */,
				17F63AE52BD634EB0089511F /* FirebaseStorageCombine-Community */,
				17F63AE72BD636610089511F /* GoogleSignIn */,
				17F63AE92BD636610089511F /* GoogleSignInSwift */,
				37D86AB32BE3655B0064DCE4 /* SwiftUICharts */,
				36F93E4F2BE9276400AC1EE8 /* GoogleGenerativeAI */,
				36F93E562BE9490F00AC1EE8 /* SDWebImageSwiftUI */,
			);
			productName = "Team-7-HMS";
			productReference = 176900202BD2A94500F5F81E /* Team-7-HMS.app */;
			productType = "com.apple.product-type.application";
		};
		1769002F2BD2A94700F5F81E /* Team-7-HMSTests */ = {
			isa = PBXNativeTarget;
			buildConfigurationList = 176900472BD2A94700F5F81E /* Build configuration list for PBXNativeTarget "Team-7-HMSTests" */;
			buildPhases = (
				1769002C2BD2A94700F5F81E /* Sources */,
				1769002D2BD2A94700F5F81E /* Frameworks */,
				1769002E2BD2A94700F5F81E /* Resources */,
			);
			buildRules = (
			);
			dependencies = (
				176900322BD2A94700F5F81E /* PBXTargetDependency */,
			);
			name = "Team-7-HMSTests";
			productName = "Team-7-HMSTests";
			productReference = 176900302BD2A94700F5F81E /* Team-7-HMSTests.xctest */;
			productType = "com.apple.product-type.bundle.unit-test";
		};
		176900392BD2A94700F5F81E /* Team-7-HMSUITests */ = {
			isa = PBXNativeTarget;
			buildConfigurationList = 1769004A2BD2A94700F5F81E /* Build configuration list for PBXNativeTarget "Team-7-HMSUITests" */;
			buildPhases = (
				176900362BD2A94700F5F81E /* Sources */,
				176900372BD2A94700F5F81E /* Frameworks */,
				176900382BD2A94700F5F81E /* Resources */,
			);
			buildRules = (
			);
			dependencies = (
				1769003C2BD2A94700F5F81E /* PBXTargetDependency */,
			);
			name = "Team-7-HMSUITests";
			productName = "Team-7-HMSUITests";
			productReference = 1769003A2BD2A94700F5F81E /* Team-7-HMSUITests.xctest */;
			productType = "com.apple.product-type.bundle.ui-testing";
		};
/* End PBXNativeTarget section */

/* Begin PBXProject section */
		176900182BD2A94500F5F81E /* Project object */ = {
			isa = PBXProject;
			attributes = {
				BuildIndependentTargetsInParallel = 1;
				LastSwiftUpdateCheck = 1530;
				LastUpgradeCheck = 1530;
				TargetAttributes = {
					1769001F2BD2A94500F5F81E = {
						CreatedOnToolsVersion = 15.3;
					};
					1769002F2BD2A94700F5F81E = {
						CreatedOnToolsVersion = 15.3;
						TestTargetID = 1769001F2BD2A94500F5F81E;
					};
					176900392BD2A94700F5F81E = {
						CreatedOnToolsVersion = 15.3;
						TestTargetID = 1769001F2BD2A94500F5F81E;
					};
				};
			};
			buildConfigurationList = 1769001B2BD2A94500F5F81E /* Build configuration list for PBXProject "Team-7-HMS" */;
			compatibilityVersion = "Xcode 14.0";
			developmentRegion = en;
			hasScannedForEncodings = 0;
			knownRegions = (
				en,
				Base,
			);
			mainGroup = 176900172BD2A94500F5F81E;
			packageReferences = (
				1769004D2BD6192900F5F81E /* XCRemoteSwiftPackageReference "firebase-ios-sdk" */,
				17F63AB82BD633370089511F /* XCRemoteSwiftPackageReference "GoogleSignIn-iOS" */,
				37D86AB22BE3655B0064DCE4 /* XCRemoteSwiftPackageReference "chartview" */,
				36F93E4C2BE9272200AC1EE8 /* XCRemoteSwiftPackageReference "generative-ai-swift" */,
				36F93E552BE9490F00AC1EE8 /* XCRemoteSwiftPackageReference "SDWebImageSwiftUI" */,
			);
			productRefGroup = 176900212BD2A94500F5F81E /* Products */;
			projectDirPath = "";
			projectRoot = "";
			targets = (
				1769001F2BD2A94500F5F81E /* Team-7-HMS */,
				1769002F2BD2A94700F5F81E /* Team-7-HMSTests */,
				176900392BD2A94700F5F81E /* Team-7-HMSUITests */,
			);
		};
/* End PBXProject section */

/* Begin PBXResourcesBuildPhase section */
		1769001E2BD2A94500F5F81E /* Resources */ = {
			isa = PBXResourcesBuildPhase;
			buildActionMask = 2147483647;
			files = (
				1769002B2BD2A94700F5F81E /* Preview Assets.xcassets in Resources */,
				176900282BD2A94700F5F81E /* Assets.xcassets in Resources */,
				36F93E542BE927C700AC1EE8 /* GenerativeAI-Info.plist in Resources */,
				17F63ABA2BD6340D0089511F /* GoogleService-Info.plist in Resources */,
				36F93E972BEA18EB00AC1EE8 /* loadingScreen.gif in Resources */,
			);
			runOnlyForDeploymentPostprocessing = 0;
		};
		1769002E2BD2A94700F5F81E /* Resources */ = {
			isa = PBXResourcesBuildPhase;
			buildActionMask = 2147483647;
			files = (
			);
			runOnlyForDeploymentPostprocessing = 0;
		};
		176900382BD2A94700F5F81E /* Resources */ = {
			isa = PBXResourcesBuildPhase;
			buildActionMask = 2147483647;
			files = (
			);
			runOnlyForDeploymentPostprocessing = 0;
		};
/* End PBXResourcesBuildPhase section */

/* Begin PBXSourcesBuildPhase section */
		1769001C2BD2A94500F5F81E /* Sources */ = {
			isa = PBXSourcesBuildPhase;
			buildActionMask = 2147483647;
			files = (
				37D86AD02BEA3E200064DCE4 /* LeaveCard.swift in Sources */,
				17F63B2C2BDA1AFB0089511F /* SplashScreen.swift in Sources */,
				37D86ACE2BEA3E0B0064DCE4 /* LeaveCardData.swift in Sources */,
				17B32FD32BE8B90300ADAB3B /* MedicineView.swift in Sources */,
				36ACD1C82BEB325B0094550D /* RescheduleAppointmentsView.swift in Sources */,
				37D86ACA2BEA32960064DCE4 /* LeaveApplication.swift in Sources */,
				542545B52BE4B67700F02AF6 /* LabTestCardData.swift in Sources */,
				37D86AD22BEA3E3F0064DCE4 /* ForAdminLeaveView.swift in Sources */,
				B1639D172BD8E31300EAB15E /* appointmentCardDataM.swift in Sources */,
				37D86AB12BE362A90064DCE4 /* AdminDashboard.swift in Sources */,
				3621E0A42BDF700400F22807 /* PatientDetails.swift in Sources */,
				369ADAF22BDE85200062CFDD /* navt.swift in Sources */,
				36F93E4E2BE9273A00AC1EE8 /* SymptomsRecommendationView.swift in Sources */,
				B1639D0F2BD8DA6500EAB15E /* bookAppointmentSwiftUIView.swift in Sources */,
				B1639D1D2BD9260100EAB15E /* slotsAvailableSwiftUIView.swift in Sources */,
				17F63B2A2BDA164F0089511F /* UserModel.swift in Sources */,
				B1639D0B2BD8DA3700EAB15E /* patientHomeSwiftUIView.swift in Sources */,
				B1639D1B2BD923F400EAB15E /* DoctorNameUIView.swift in Sources */,
				17F63AF72BD7A1750089511F /* AddDoctorDetails.swift in Sources */,
				095E99B62BE4E29200BF9CAE /* LabRecords.swift in Sources */,
				37D3A1472BDA48B000C04F35 /* DoctorAppointmentCardData.swift in Sources */,
				B15543832BEB3A240019E9DB /* slotChangeDoctor.swift in Sources */,
				36B1F1782BDD2C3000D5A9DF /* AppointmentModel.swift in Sources */,
				B1639D152BD8E2AD00EAB15E /* patientAppointmentCard.swift in Sources */,
				17F7C6712BDEC8D400720B5E /* Just-Some.swift in Sources */,
				3626C4882BE4A69E00FA8C61 /* BookLabRecordsView.swift in Sources */,
				176900262BD2A94500F5F81E /* ContentView.swift in Sources */,
				171FE8D42BEB36620016167E /* PrescriptionModel.swift in Sources */,
				17F63AFF2BD7A2A20089511F /* SendCredentials.swift in Sources */,
				17B32FCB2BE88E5C00ADAB3B /* ForDoctorPatientAppointmentView.swift in Sources */,
				B15543852BEB3A480019E9DB /* leaveRequestPicker.swift in Sources */,
				17F63AF92BD7A1BF0089511F /* FirebaseHelperFunctions.swift in Sources */,
				174C2D072BD629D300945401 /* LoginScreen.swift in Sources */,
				B1639D132BD8DA8200EAB15E /* SosCallSwiftUIView.swift in Sources */,
				36F93E432BE7E2B100AC1EE8 /* PatientMedicalRecordView.swift in Sources */,
				37D86AAD2BE353E80064DCE4 /* StaffData.swift in Sources */,
				096DA7CB2BDA0AF800241449 /* BookAppointment.swift in Sources */,
				36F93E492BE8004200AC1EE8 /* MedicalTestsReminderFunctions.swift in Sources */,
				133642742BDF77B000926989 /* LabReportUploadView.swift in Sources */,
				36F93E472BE7E77F00AC1EE8 /* CompletedMedicalTestsView.swift in Sources */,
				175AD9D62BE3B7B0006E3347 /* NetworkMonitor.swift in Sources */,
				17F63AF02BD671080089511F /* +View.swift in Sources */,
				17F7C66F2BDEC37A00720B5E /* AdminHomeView.swift in Sources */,
				17B32FD52BE8D62600ADAB3B /* OldAppointment.swift in Sources */,
				17B32FCF2BE896D100ADAB3B /* MedicalRecordView.swift in Sources */,
				171FE8DA2BEB576D0016167E /* PatientAppointmentViewCard.swift in Sources */,
				17F7C6672BDE177C00720B5E /* EmailFunctions.swift in Sources */,
				B1639D0D2BD8DA4C00EAB15E /* patientNotificationSwiftUIView.swift in Sources */,
				13D97B222BEA456A00A59B6B /* doctorLeaveApplication.swift in Sources */,
				175AD9D22BE3973B006E3347 /* Some-Saves.swift in Sources */,
				17F7C6732BE00E8200720B5E /* DoctorDetails.swift in Sources */,
				B1639D1F2BDA465500EAB15E /* patientTabItems.swift in Sources */,
				37D86AD42BEA3E550064DCE4 /* AdminLeaveList.swift in Sources */,
				369ADAF02BDE1CB60062CFDD /* AddingSlots.swift in Sources */,
				B1639D192BD9219B00EAB15E /* DoctorsList.swift in Sources */,
				17F63AED2BD63E440089511F /* AppDelegate.swift in Sources */,
				367FFA5F2BE34F5F007A995D /* PatientDetailsAppointmentView.swift in Sources */,
				3626C48A2BE4AE0300FA8C61 /* MedicalTestsBookingView.swift in Sources */,
				17B32FD12BE8996100ADAB3B /* PatientMedicalRecord.swift in Sources */,
				17F7C6692BDE42C600720B5E /* PatientView.swift in Sources */,
				17F7C66B2BDE528300720B5E /* BookingView.swift in Sources */,
				360295FF2BD7DB92001C1397 /* medicalConditions.swift in Sources */,
				095E99B42BE4E1DF00BF9CAE /* LabTestCard.swift in Sources */,
				B1639D112BD8DA7700EAB15E /* SpecialitySwiftUIView.swift in Sources */,
				1769005B2BD6201600F5F81E /* signInBack.swift in Sources */,
				36F93E592BE94A3500AC1EE8 /* SymptomOutPutPageView.swift in Sources */,
				B1639D092BD8DA1700EAB15E /* CentralisedFonts.swift in Sources */,
				367FFA612BE38289007A995D /* AppointmentDataView.swift in Sources */,
				36F93E4B2BE8BCC800AC1EE8 /* ReportsListView.swift in Sources */,
				17F63AFD2BD7A27E0089511F /* GeneratePassword.swift in Sources */,
				B164324B2BE49B150002227C /* viewLabReportSwiftUIView.swift in Sources */,
				17B32FCD2BE8927100ADAB3B /* DoctorAppointmentCard.swift in Sources */,
				360295FB2BD7AD69001C1397 /* DoctorLoginScreenView.swift in Sources */,
				B164324D2BE49B950002227C /* addPrescription.swift in Sources */,
				095E99AA2BDF711F00BF9CAE /* PickerView.swift in Sources */,
				13EF0E372BD7A4A80015FDDA /* OnBoardingScreen.swift in Sources */,
				37D86ACC2BEA32C50064DCE4 /* LeaveApplicationDetail.swift in Sources */,
				17F63B272BDA127D0089511F /* AppState.swift in Sources */,
				176900242BD2A94500F5F81E /* Team_7_HMSApp.swift in Sources */,
				3763784F2BD7D15900CB6198 /* PatientHistory.swift in Sources */,
				171FE8D62BEB36810016167E /* MedicineModel.swift in Sources */,
				36F93E452BE7E49800AC1EE8 /* UpcomingMedicalRecodsView.swift in Sources */,
				13FA586B2BD7BDCC00AC8CA4 /* SignUpScreen.swift in Sources */,
				096DA7CD2BDA457800241449 /* BookLab.swift in Sources */,
				095E99AC2BE0E4E300BF9CAE /* ViewPrescription.swift in Sources */,
				13D816D12BD901EE00D36A9C /* OnBoardingDoctor.swift in Sources */,
				171FE8D82BEB41600016167E /* PatientAppointmentView.swift in Sources */,
				364631FB2BDA1E6600DD53CC /* HealthKitAppIntegration.swift in Sources */,
				17B32FC92BE88AF000ADAB3B /* AppointmentDataModel.swift in Sources */,
				37D3A14B2BDA492000C04F35 /* DoctorHomeSwiftUI.swift in Sources */,
				36F93E522BE9279D00AC1EE8 /* APIKey.swift in Sources */,
				171925562BE0DC8B0012E54D /* DoctorView.swift in Sources */,
			);
			runOnlyForDeploymentPostprocessing = 0;
		};
		1769002C2BD2A94700F5F81E /* Sources */ = {
			isa = PBXSourcesBuildPhase;
			buildActionMask = 2147483647;
			files = (
				176900352BD2A94700F5F81E /* Team_7_HMSTests.swift in Sources */,
			);
			runOnlyForDeploymentPostprocessing = 0;
		};
		176900362BD2A94700F5F81E /* Sources */ = {
			isa = PBXSourcesBuildPhase;
			buildActionMask = 2147483647;
			files = (
				176900412BD2A94700F5F81E /* Team_7_HMSUITestsLaunchTests.swift in Sources */,
				1769003F2BD2A94700F5F81E /* Team_7_HMSUITests.swift in Sources */,
			);
			runOnlyForDeploymentPostprocessing = 0;
		};
/* End PBXSourcesBuildPhase section */

/* Begin PBXTargetDependency section */
		176900322BD2A94700F5F81E /* PBXTargetDependency */ = {
			isa = PBXTargetDependency;
			target = 1769001F2BD2A94500F5F81E /* Team-7-HMS */;
			targetProxy = 176900312BD2A94700F5F81E /* PBXContainerItemProxy */;
		};
		1769003C2BD2A94700F5F81E /* PBXTargetDependency */ = {
			isa = PBXTargetDependency;
			target = 1769001F2BD2A94500F5F81E /* Team-7-HMS */;
			targetProxy = 1769003B2BD2A94700F5F81E /* PBXContainerItemProxy */;
		};
/* End PBXTargetDependency section */

/* Begin XCBuildConfiguration section */
		176900422BD2A94700F5F81E /* Debug */ = {
			isa = XCBuildConfiguration;
			buildSettings = {
				ALWAYS_SEARCH_USER_PATHS = NO;
				ASSETCATALOG_COMPILER_GENERATE_SWIFT_ASSET_SYMBOL_EXTENSIONS = YES;
				CLANG_ANALYZER_NONNULL = YES;
				CLANG_ANALYZER_NUMBER_OBJECT_CONVERSION = YES_AGGRESSIVE;
				CLANG_CXX_LANGUAGE_STANDARD = "gnu++20";
				CLANG_ENABLE_MODULES = YES;
				CLANG_ENABLE_OBJC_ARC = YES;
				CLANG_ENABLE_OBJC_WEAK = YES;
				CLANG_WARN_BLOCK_CAPTURE_AUTORELEASING = YES;
				CLANG_WARN_BOOL_CONVERSION = YES;
				CLANG_WARN_COMMA = YES;
				CLANG_WARN_CONSTANT_CONVERSION = YES;
				CLANG_WARN_DEPRECATED_OBJC_IMPLEMENTATIONS = YES;
				CLANG_WARN_DIRECT_OBJC_ISA_USAGE = YES_ERROR;
				CLANG_WARN_DOCUMENTATION_COMMENTS = YES;
				CLANG_WARN_EMPTY_BODY = YES;
				CLANG_WARN_ENUM_CONVERSION = YES;
				CLANG_WARN_INFINITE_RECURSION = YES;
				CLANG_WARN_INT_CONVERSION = YES;
				CLANG_WARN_NON_LITERAL_NULL_CONVERSION = YES;
				CLANG_WARN_OBJC_IMPLICIT_RETAIN_SELF = YES;
				CLANG_WARN_OBJC_LITERAL_CONVERSION = YES;
				CLANG_WARN_OBJC_ROOT_CLASS = YES_ERROR;
				CLANG_WARN_QUOTED_INCLUDE_IN_FRAMEWORK_HEADER = YES;
				CLANG_WARN_RANGE_LOOP_ANALYSIS = YES;
				CLANG_WARN_STRICT_PROTOTYPES = YES;
				CLANG_WARN_SUSPICIOUS_MOVE = YES;
				CLANG_WARN_UNGUARDED_AVAILABILITY = YES_AGGRESSIVE;
				CLANG_WARN_UNREACHABLE_CODE = YES;
				CLANG_WARN__DUPLICATE_METHOD_MATCH = YES;
				COPY_PHASE_STRIP = NO;
				DEBUG_INFORMATION_FORMAT = dwarf;
				ENABLE_STRICT_OBJC_MSGSEND = YES;
				ENABLE_TESTABILITY = YES;
				ENABLE_USER_SCRIPT_SANDBOXING = YES;
				GCC_C_LANGUAGE_STANDARD = gnu17;
				GCC_DYNAMIC_NO_PIC = NO;
				GCC_NO_COMMON_BLOCKS = YES;
				GCC_OPTIMIZATION_LEVEL = 0;
				GCC_PREPROCESSOR_DEFINITIONS = (
					"DEBUG=1",
					"$(inherited)",
				);
				GCC_WARN_64_TO_32_BIT_CONVERSION = YES;
				GCC_WARN_ABOUT_RETURN_TYPE = YES_ERROR;
				GCC_WARN_UNDECLARED_SELECTOR = YES;
				GCC_WARN_UNINITIALIZED_AUTOS = YES_AGGRESSIVE;
				GCC_WARN_UNUSED_FUNCTION = YES;
				GCC_WARN_UNUSED_VARIABLE = YES;
				IPHONEOS_DEPLOYMENT_TARGET = 17.4;
				LOCALIZATION_PREFERS_STRING_CATALOGS = YES;
				MTL_ENABLE_DEBUG_INFO = INCLUDE_SOURCE;
				MTL_FAST_MATH = YES;
				ONLY_ACTIVE_ARCH = YES;
				SDKROOT = iphoneos;
				SWIFT_ACTIVE_COMPILATION_CONDITIONS = "DEBUG $(inherited)";
				SWIFT_OPTIMIZATION_LEVEL = "-Onone";
			};
			name = Debug;
		};
		176900432BD2A94700F5F81E /* Release */ = {
			isa = XCBuildConfiguration;
			buildSettings = {
				ALWAYS_SEARCH_USER_PATHS = NO;
				ASSETCATALOG_COMPILER_GENERATE_SWIFT_ASSET_SYMBOL_EXTENSIONS = YES;
				CLANG_ANALYZER_NONNULL = YES;
				CLANG_ANALYZER_NUMBER_OBJECT_CONVERSION = YES_AGGRESSIVE;
				CLANG_CXX_LANGUAGE_STANDARD = "gnu++20";
				CLANG_ENABLE_MODULES = YES;
				CLANG_ENABLE_OBJC_ARC = YES;
				CLANG_ENABLE_OBJC_WEAK = YES;
				CLANG_WARN_BLOCK_CAPTURE_AUTORELEASING = YES;
				CLANG_WARN_BOOL_CONVERSION = YES;
				CLANG_WARN_COMMA = YES;
				CLANG_WARN_CONSTANT_CONVERSION = YES;
				CLANG_WARN_DEPRECATED_OBJC_IMPLEMENTATIONS = YES;
				CLANG_WARN_DIRECT_OBJC_ISA_USAGE = YES_ERROR;
				CLANG_WARN_DOCUMENTATION_COMMENTS = YES;
				CLANG_WARN_EMPTY_BODY = YES;
				CLANG_WARN_ENUM_CONVERSION = YES;
				CLANG_WARN_INFINITE_RECURSION = YES;
				CLANG_WARN_INT_CONVERSION = YES;
				CLANG_WARN_NON_LITERAL_NULL_CONVERSION = YES;
				CLANG_WARN_OBJC_IMPLICIT_RETAIN_SELF = YES;
				CLANG_WARN_OBJC_LITERAL_CONVERSION = YES;
				CLANG_WARN_OBJC_ROOT_CLASS = YES_ERROR;
				CLANG_WARN_QUOTED_INCLUDE_IN_FRAMEWORK_HEADER = YES;
				CLANG_WARN_RANGE_LOOP_ANALYSIS = YES;
				CLANG_WARN_STRICT_PROTOTYPES = YES;
				CLANG_WARN_SUSPICIOUS_MOVE = YES;
				CLANG_WARN_UNGUARDED_AVAILABILITY = YES_AGGRESSIVE;
				CLANG_WARN_UNREACHABLE_CODE = YES;
				CLANG_WARN__DUPLICATE_METHOD_MATCH = YES;
				COPY_PHASE_STRIP = NO;
				DEBUG_INFORMATION_FORMAT = "dwarf-with-dsym";
				ENABLE_NS_ASSERTIONS = NO;
				ENABLE_STRICT_OBJC_MSGSEND = YES;
				ENABLE_USER_SCRIPT_SANDBOXING = YES;
				GCC_C_LANGUAGE_STANDARD = gnu17;
				GCC_NO_COMMON_BLOCKS = YES;
				GCC_WARN_64_TO_32_BIT_CONVERSION = YES;
				GCC_WARN_ABOUT_RETURN_TYPE = YES_ERROR;
				GCC_WARN_UNDECLARED_SELECTOR = YES;
				GCC_WARN_UNINITIALIZED_AUTOS = YES_AGGRESSIVE;
				GCC_WARN_UNUSED_FUNCTION = YES;
				GCC_WARN_UNUSED_VARIABLE = YES;
				IPHONEOS_DEPLOYMENT_TARGET = 17.4;
				LOCALIZATION_PREFERS_STRING_CATALOGS = YES;
				MTL_ENABLE_DEBUG_INFO = NO;
				MTL_FAST_MATH = YES;
				SDKROOT = iphoneos;
				SWIFT_COMPILATION_MODE = wholemodule;
				VALIDATE_PRODUCT = YES;
			};
			name = Release;
		};
		176900452BD2A94700F5F81E /* Debug */ = {
			isa = XCBuildConfiguration;
			buildSettings = {
				ASSETCATALOG_COMPILER_APPICON_NAME = AppIcon;
				ASSETCATALOG_COMPILER_GLOBAL_ACCENT_COLOR_NAME = AccentColor;
				CODE_SIGN_ENTITLEMENTS = "Team-7-HMS/Team-7-HMS.entitlements";
				CODE_SIGN_STYLE = Automatic;
				CURRENT_PROJECT_VERSION = 1;
				DEVELOPMENT_ASSET_PATHS = "\"Team-7-HMS/Preview Content\"";
				DEVELOPMENT_TEAM = SDZUHSLTDN;
				ENABLE_PREVIEWS = YES;
				GENERATE_INFOPLIST_FILE = YES;
				INFOPLIST_FILE = "Team-7-HMS/Info.plist";
				INFOPLIST_KEY_NSHealthShareUsageDescription = "I want to share the health details of the app";
				INFOPLIST_KEY_UIApplicationSceneManifest_Generation = YES;
				INFOPLIST_KEY_UIApplicationSupportsIndirectInputEvents = YES;
				INFOPLIST_KEY_UILaunchScreen_Generation = YES;
				INFOPLIST_KEY_UISupportedInterfaceOrientations_iPad = "UIInterfaceOrientationPortrait UIInterfaceOrientationPortraitUpsideDown UIInterfaceOrientationLandscapeLeft UIInterfaceOrientationLandscapeRight";
				INFOPLIST_KEY_UISupportedInterfaceOrientations_iPhone = "UIInterfaceOrientationPortrait UIInterfaceOrientationLandscapeLeft UIInterfaceOrientationLandscapeRight";
				LD_RUNPATH_SEARCH_PATHS = (
					"$(inherited)",
					"@executable_path/Frameworks",
				);
				MARKETING_VERSION = 1.0;
				PRODUCT_BUNDLE_IDENTIFIER = "Team-7.Team-7-HMS";
				PRODUCT_NAME = "$(TARGET_NAME)";
				SWIFT_EMIT_LOC_STRINGS = YES;
				SWIFT_VERSION = 5.0;
				TARGETED_DEVICE_FAMILY = "1,2";
			};
			name = Debug;
		};
		176900462BD2A94700F5F81E /* Release */ = {
			isa = XCBuildConfiguration;
			buildSettings = {
				ASSETCATALOG_COMPILER_APPICON_NAME = AppIcon;
				ASSETCATALOG_COMPILER_GLOBAL_ACCENT_COLOR_NAME = AccentColor;
				CODE_SIGN_ENTITLEMENTS = "Team-7-HMS/Team-7-HMS.entitlements";
				CODE_SIGN_STYLE = Automatic;
				CURRENT_PROJECT_VERSION = 1;
				DEVELOPMENT_ASSET_PATHS = "\"Team-7-HMS/Preview Content\"";
				DEVELOPMENT_TEAM = SDZUHSLTDN;
				ENABLE_PREVIEWS = YES;
				GENERATE_INFOPLIST_FILE = YES;
				INFOPLIST_FILE = "Team-7-HMS/Info.plist";
				INFOPLIST_KEY_NSHealthShareUsageDescription = "I want to share the health details of the app";
				INFOPLIST_KEY_UIApplicationSceneManifest_Generation = YES;
				INFOPLIST_KEY_UIApplicationSupportsIndirectInputEvents = YES;
				INFOPLIST_KEY_UILaunchScreen_Generation = YES;
				INFOPLIST_KEY_UISupportedInterfaceOrientations_iPad = "UIInterfaceOrientationPortrait UIInterfaceOrientationPortraitUpsideDown UIInterfaceOrientationLandscapeLeft UIInterfaceOrientationLandscapeRight";
				INFOPLIST_KEY_UISupportedInterfaceOrientations_iPhone = "UIInterfaceOrientationPortrait UIInterfaceOrientationLandscapeLeft UIInterfaceOrientationLandscapeRight";
				LD_RUNPATH_SEARCH_PATHS = (
					"$(inherited)",
					"@executable_path/Frameworks",
				);
				MARKETING_VERSION = 1.0;
				PRODUCT_BUNDLE_IDENTIFIER = "Team-7.Team-7-HMS";
				PRODUCT_NAME = "$(TARGET_NAME)";
				SWIFT_EMIT_LOC_STRINGS = YES;
				SWIFT_VERSION = 5.0;
				TARGETED_DEVICE_FAMILY = "1,2";
			};
			name = Release;
		};
		176900482BD2A94700F5F81E /* Debug */ = {
			isa = XCBuildConfiguration;
			buildSettings = {
				ALWAYS_EMBED_SWIFT_STANDARD_LIBRARIES = YES;
				BUNDLE_LOADER = "$(TEST_HOST)";
				CODE_SIGN_STYLE = Automatic;
				CURRENT_PROJECT_VERSION = 1;
				DEVELOPMENT_TEAM = SDZUHSLTDN;
				GENERATE_INFOPLIST_FILE = YES;
				IPHONEOS_DEPLOYMENT_TARGET = 17.4;
				MARKETING_VERSION = 1.0;
				PRODUCT_BUNDLE_IDENTIFIER = "Team-7.Team-7-HMSTests";
				PRODUCT_NAME = "$(TARGET_NAME)";
				SWIFT_EMIT_LOC_STRINGS = NO;
				SWIFT_VERSION = 5.0;
				TARGETED_DEVICE_FAMILY = "1,2";
				TEST_HOST = "$(BUILT_PRODUCTS_DIR)/Team-7-HMS.app/$(BUNDLE_EXECUTABLE_FOLDER_PATH)/Team-7-HMS";
			};
			name = Debug;
		};
		176900492BD2A94700F5F81E /* Release */ = {
			isa = XCBuildConfiguration;
			buildSettings = {
				ALWAYS_EMBED_SWIFT_STANDARD_LIBRARIES = YES;
				BUNDLE_LOADER = "$(TEST_HOST)";
				CODE_SIGN_STYLE = Automatic;
				CURRENT_PROJECT_VERSION = 1;
				DEVELOPMENT_TEAM = SDZUHSLTDN;
				GENERATE_INFOPLIST_FILE = YES;
				IPHONEOS_DEPLOYMENT_TARGET = 17.4;
				MARKETING_VERSION = 1.0;
				PRODUCT_BUNDLE_IDENTIFIER = "Team-7.Team-7-HMSTests";
				PRODUCT_NAME = "$(TARGET_NAME)";
				SWIFT_EMIT_LOC_STRINGS = NO;
				SWIFT_VERSION = 5.0;
				TARGETED_DEVICE_FAMILY = "1,2";
				TEST_HOST = "$(BUILT_PRODUCTS_DIR)/Team-7-HMS.app/$(BUNDLE_EXECUTABLE_FOLDER_PATH)/Team-7-HMS";
			};
			name = Release;
		};
		1769004B2BD2A94700F5F81E /* Debug */ = {
			isa = XCBuildConfiguration;
			buildSettings = {
				ALWAYS_EMBED_SWIFT_STANDARD_LIBRARIES = YES;
				CODE_SIGN_STYLE = Automatic;
				CURRENT_PROJECT_VERSION = 1;
				DEVELOPMENT_TEAM = SDZUHSLTDN;
				GENERATE_INFOPLIST_FILE = YES;
				MARKETING_VERSION = 1.0;
				PRODUCT_BUNDLE_IDENTIFIER = "Team-7.Team-7-HMSUITests";
				PRODUCT_NAME = "$(TARGET_NAME)";
				SWIFT_EMIT_LOC_STRINGS = NO;
				SWIFT_VERSION = 5.0;
				TARGETED_DEVICE_FAMILY = "1,2";
				TEST_TARGET_NAME = "Team-7-HMS";
			};
			name = Debug;
		};
		1769004C2BD2A94700F5F81E /* Release */ = {
			isa = XCBuildConfiguration;
			buildSettings = {
				ALWAYS_EMBED_SWIFT_STANDARD_LIBRARIES = YES;
				CODE_SIGN_STYLE = Automatic;
				CURRENT_PROJECT_VERSION = 1;
				DEVELOPMENT_TEAM = SDZUHSLTDN;
				GENERATE_INFOPLIST_FILE = YES;
				MARKETING_VERSION = 1.0;
				PRODUCT_BUNDLE_IDENTIFIER = "Team-7.Team-7-HMSUITests";
				PRODUCT_NAME = "$(TARGET_NAME)";
				SWIFT_EMIT_LOC_STRINGS = NO;
				SWIFT_VERSION = 5.0;
				TARGETED_DEVICE_FAMILY = "1,2";
				TEST_TARGET_NAME = "Team-7-HMS";
			};
			name = Release;
		};
/* End XCBuildConfiguration section */

/* Begin XCConfigurationList section */
		1769001B2BD2A94500F5F81E /* Build configuration list for PBXProject "Team-7-HMS" */ = {
			isa = XCConfigurationList;
			buildConfigurations = (
				176900422BD2A94700F5F81E /* Debug */,
				176900432BD2A94700F5F81E /* Release */,
			);
			defaultConfigurationIsVisible = 0;
			defaultConfigurationName = Release;
		};
		176900442BD2A94700F5F81E /* Build configuration list for PBXNativeTarget "Team-7-HMS" */ = {
			isa = XCConfigurationList;
			buildConfigurations = (
				176900452BD2A94700F5F81E /* Debug */,
				176900462BD2A94700F5F81E /* Release */,
			);
			defaultConfigurationIsVisible = 0;
			defaultConfigurationName = Release;
		};
		176900472BD2A94700F5F81E /* Build configuration list for PBXNativeTarget "Team-7-HMSTests" */ = {
			isa = XCConfigurationList;
			buildConfigurations = (
				176900482BD2A94700F5F81E /* Debug */,
				176900492BD2A94700F5F81E /* Release */,
			);
			defaultConfigurationIsVisible = 0;
			defaultConfigurationName = Release;
		};
		1769004A2BD2A94700F5F81E /* Build configuration list for PBXNativeTarget "Team-7-HMSUITests" */ = {
			isa = XCConfigurationList;
			buildConfigurations = (
				1769004B2BD2A94700F5F81E /* Debug */,
				1769004C2BD2A94700F5F81E /* Release */,
			);
			defaultConfigurationIsVisible = 0;
			defaultConfigurationName = Release;
		};
/* End XCConfigurationList section */

/* Begin XCRemoteSwiftPackageReference section */
		1769004D2BD6192900F5F81E /* XCRemoteSwiftPackageReference "firebase-ios-sdk" */ = {
			isa = XCRemoteSwiftPackageReference;
			repositoryURL = "https://github.com/firebase/firebase-ios-sdk";
			requirement = {
				kind = upToNextMajorVersion;
				minimumVersion = 10.24.0;
			};
		};
		17F63AB82BD633370089511F /* XCRemoteSwiftPackageReference "GoogleSignIn-iOS" */ = {
			isa = XCRemoteSwiftPackageReference;
			repositoryURL = "https://github.com/google/GoogleSignIn-iOS";
			requirement = {
				kind = upToNextMajorVersion;
				minimumVersion = 7.1.0;
			};
		};
		36F93E4C2BE9272200AC1EE8 /* XCRemoteSwiftPackageReference "generative-ai-swift" */ = {
			isa = XCRemoteSwiftPackageReference;
			repositoryURL = "https://github.com/google/generative-ai-swift";
			requirement = {
				kind = upToNextMajorVersion;
				minimumVersion = 0.5.2;
			};
		};
		36F93E552BE9490F00AC1EE8 /* XCRemoteSwiftPackageReference "SDWebImageSwiftUI" */ = {
			isa = XCRemoteSwiftPackageReference;
			repositoryURL = "https://github.com/SDWebImage/SDWebImageSwiftUI";
			requirement = {
				kind = upToNextMajorVersion;
				minimumVersion = 3.0.4;
			};
		};
		37D86AB22BE3655B0064DCE4 /* XCRemoteSwiftPackageReference "chartview" */ = {
			isa = XCRemoteSwiftPackageReference;
			repositoryURL = "https://github.com/apppear/chartview.git";
			requirement = {
				kind = upToNextMajorVersion;
				minimumVersion = 1.5.5;
			};
		};
/* End XCRemoteSwiftPackageReference section */

/* Begin XCSwiftPackageProductDependency section */
		176900502BD61B2400F5F81E /* FirebaseAnalytics */ = {
			isa = XCSwiftPackageProductDependency;
			package = 1769004D2BD6192900F5F81E /* XCRemoteSwiftPackageReference "firebase-ios-sdk" */;
			productName = FirebaseAnalytics;
		};
		176900522BD61B2400F5F81E /* FirebaseAnalyticsOnDeviceConversion */ = {
			isa = XCSwiftPackageProductDependency;
			package = 1769004D2BD6192900F5F81E /* XCRemoteSwiftPackageReference "firebase-ios-sdk" */;
			productName = FirebaseAnalyticsOnDeviceConversion;
		};
		176900542BD61B2400F5F81E /* FirebaseAnalyticsSwift */ = {
			isa = XCSwiftPackageProductDependency;
			package = 1769004D2BD6192900F5F81E /* XCRemoteSwiftPackageReference "firebase-ios-sdk" */;
			productName = FirebaseAnalyticsSwift;
		};
		176900562BD61B2400F5F81E /* FirebaseAnalyticsWithoutAdIdSupport */ = {
			isa = XCSwiftPackageProductDependency;
			package = 1769004D2BD6192900F5F81E /* XCRemoteSwiftPackageReference "firebase-ios-sdk" */;
			productName = FirebaseAnalyticsWithoutAdIdSupport;
		};
		176900582BD61B2400F5F81E /* FirebaseAppCheck */ = {
			isa = XCSwiftPackageProductDependency;
			package = 1769004D2BD6192900F5F81E /* XCRemoteSwiftPackageReference "firebase-ios-sdk" */;
			productName = FirebaseAppCheck;
		};
		17F63ABB2BD634EB0089511F /* FirebaseAppDistribution-Beta */ = {
			isa = XCSwiftPackageProductDependency;
			package = 1769004D2BD6192900F5F81E /* XCRemoteSwiftPackageReference "firebase-ios-sdk" */;
			productName = "FirebaseAppDistribution-Beta";
		};
		17F63ABD2BD634EB0089511F /* FirebaseAuth */ = {
			isa = XCSwiftPackageProductDependency;
			package = 1769004D2BD6192900F5F81E /* XCRemoteSwiftPackageReference "firebase-ios-sdk" */;
			productName = FirebaseAuth;
		};
		17F63ABF2BD634EB0089511F /* FirebaseAuthCombine-Community */ = {
			isa = XCSwiftPackageProductDependency;
			package = 1769004D2BD6192900F5F81E /* XCRemoteSwiftPackageReference "firebase-ios-sdk" */;
			productName = "FirebaseAuthCombine-Community";
		};
		17F63AC12BD634EB0089511F /* FirebaseCrashlytics */ = {
			isa = XCSwiftPackageProductDependency;
			package = 1769004D2BD6192900F5F81E /* XCRemoteSwiftPackageReference "firebase-ios-sdk" */;
			productName = FirebaseCrashlytics;
		};
		17F63AC32BD634EB0089511F /* FirebaseDatabase */ = {
			isa = XCSwiftPackageProductDependency;
			package = 1769004D2BD6192900F5F81E /* XCRemoteSwiftPackageReference "firebase-ios-sdk" */;
			productName = FirebaseDatabase;
		};
		17F63AC52BD634EB0089511F /* FirebaseDatabaseSwift */ = {
			isa = XCSwiftPackageProductDependency;
			package = 1769004D2BD6192900F5F81E /* XCRemoteSwiftPackageReference "firebase-ios-sdk" */;
			productName = FirebaseDatabaseSwift;
		};
		17F63AC72BD634EB0089511F /* FirebaseDynamicLinks */ = {
			isa = XCSwiftPackageProductDependency;
			package = 1769004D2BD6192900F5F81E /* XCRemoteSwiftPackageReference "firebase-ios-sdk" */;
			productName = FirebaseDynamicLinks;
		};
		17F63AC92BD634EB0089511F /* FirebaseFirestore */ = {
			isa = XCSwiftPackageProductDependency;
			package = 1769004D2BD6192900F5F81E /* XCRemoteSwiftPackageReference "firebase-ios-sdk" */;
			productName = FirebaseFirestore;
		};
		17F63ACB2BD634EB0089511F /* FirebaseFirestoreCombine-Community */ = {
			isa = XCSwiftPackageProductDependency;
			package = 1769004D2BD6192900F5F81E /* XCRemoteSwiftPackageReference "firebase-ios-sdk" */;
			productName = "FirebaseFirestoreCombine-Community";
		};
		17F63ACD2BD634EB0089511F /* FirebaseFirestoreSwift */ = {
			isa = XCSwiftPackageProductDependency;
			package = 1769004D2BD6192900F5F81E /* XCRemoteSwiftPackageReference "firebase-ios-sdk" */;
			productName = FirebaseFirestoreSwift;
		};
		17F63ACF2BD634EB0089511F /* FirebaseFunctions */ = {
			isa = XCSwiftPackageProductDependency;
			package = 1769004D2BD6192900F5F81E /* XCRemoteSwiftPackageReference "firebase-ios-sdk" */;
			productName = FirebaseFunctions;
		};
		17F63AD12BD634EB0089511F /* FirebaseFunctionsCombine-Community */ = {
			isa = XCSwiftPackageProductDependency;
			package = 1769004D2BD6192900F5F81E /* XCRemoteSwiftPackageReference "firebase-ios-sdk" */;
			productName = "FirebaseFunctionsCombine-Community";
		};
		17F63AD32BD634EB0089511F /* FirebaseInAppMessaging-Beta */ = {
			isa = XCSwiftPackageProductDependency;
			package = 1769004D2BD6192900F5F81E /* XCRemoteSwiftPackageReference "firebase-ios-sdk" */;
			productName = "FirebaseInAppMessaging-Beta";
		};
		17F63AD52BD634EB0089511F /* FirebaseInAppMessagingSwift-Beta */ = {
			isa = XCSwiftPackageProductDependency;
			package = 1769004D2BD6192900F5F81E /* XCRemoteSwiftPackageReference "firebase-ios-sdk" */;
			productName = "FirebaseInAppMessagingSwift-Beta";
		};
		17F63AD72BD634EB0089511F /* FirebaseInstallations */ = {
			isa = XCSwiftPackageProductDependency;
			package = 1769004D2BD6192900F5F81E /* XCRemoteSwiftPackageReference "firebase-ios-sdk" */;
			productName = FirebaseInstallations;
		};
		17F63AD92BD634EB0089511F /* FirebaseMLModelDownloader */ = {
			isa = XCSwiftPackageProductDependency;
			package = 1769004D2BD6192900F5F81E /* XCRemoteSwiftPackageReference "firebase-ios-sdk" */;
			productName = FirebaseMLModelDownloader;
		};
		17F63ADB2BD634EB0089511F /* FirebaseMessaging */ = {
			isa = XCSwiftPackageProductDependency;
			package = 1769004D2BD6192900F5F81E /* XCRemoteSwiftPackageReference "firebase-ios-sdk" */;
			productName = FirebaseMessaging;
		};
		17F63ADD2BD634EB0089511F /* FirebasePerformance */ = {
			isa = XCSwiftPackageProductDependency;
			package = 1769004D2BD6192900F5F81E /* XCRemoteSwiftPackageReference "firebase-ios-sdk" */;
			productName = FirebasePerformance;
		};
		17F63ADF2BD634EB0089511F /* FirebaseRemoteConfig */ = {
			isa = XCSwiftPackageProductDependency;
			package = 1769004D2BD6192900F5F81E /* XCRemoteSwiftPackageReference "firebase-ios-sdk" */;
			productName = FirebaseRemoteConfig;
		};
		17F63AE12BD634EB0089511F /* FirebaseRemoteConfigSwift */ = {
			isa = XCSwiftPackageProductDependency;
			package = 1769004D2BD6192900F5F81E /* XCRemoteSwiftPackageReference "firebase-ios-sdk" */;
			productName = FirebaseRemoteConfigSwift;
		};
		17F63AE32BD634EB0089511F /* FirebaseStorage */ = {
			isa = XCSwiftPackageProductDependency;
			package = 1769004D2BD6192900F5F81E /* XCRemoteSwiftPackageReference "firebase-ios-sdk" */;
			productName = FirebaseStorage;
		};
		17F63AE52BD634EB0089511F /* FirebaseStorageCombine-Community */ = {
			isa = XCSwiftPackageProductDependency;
			package = 1769004D2BD6192900F5F81E /* XCRemoteSwiftPackageReference "firebase-ios-sdk" */;
			productName = "FirebaseStorageCombine-Community";
		};
		17F63AE72BD636610089511F /* GoogleSignIn */ = {
			isa = XCSwiftPackageProductDependency;
			package = 17F63AB82BD633370089511F /* XCRemoteSwiftPackageReference "GoogleSignIn-iOS" */;
			productName = GoogleSignIn;
		};
		17F63AE92BD636610089511F /* GoogleSignInSwift */ = {
			isa = XCSwiftPackageProductDependency;
			package = 17F63AB82BD633370089511F /* XCRemoteSwiftPackageReference "GoogleSignIn-iOS" */;
			productName = GoogleSignInSwift;
		};
		36F93E4F2BE9276400AC1EE8 /* GoogleGenerativeAI */ = {
			isa = XCSwiftPackageProductDependency;
			package = 36F93E4C2BE9272200AC1EE8 /* XCRemoteSwiftPackageReference "generative-ai-swift" */;
			productName = GoogleGenerativeAI;
		};
		36F93E562BE9490F00AC1EE8 /* SDWebImageSwiftUI */ = {
			isa = XCSwiftPackageProductDependency;
			package = 36F93E552BE9490F00AC1EE8 /* XCRemoteSwiftPackageReference "SDWebImageSwiftUI" */;
			productName = SDWebImageSwiftUI;
		};
		37D86AB32BE3655B0064DCE4 /* SwiftUICharts */ = {
			isa = XCSwiftPackageProductDependency;
			package = 37D86AB22BE3655B0064DCE4 /* XCRemoteSwiftPackageReference "chartview" */;
			productName = SwiftUICharts;
		};
/* End XCSwiftPackageProductDependency section */
	};
	rootObject = 176900182BD2A94500F5F81E /* Project object */;
}
