// !$*UTF8*$!
{
	archiveVersion = 1;
	classes = {
	};
	objectVersion = 56;
	objects = {

/* Begin PBXBuildFile section */
		13EF0E372BD7A4A80015FDDA /* OnBoardingScreen.swift in Sources */ = {isa = PBXBuildFile; fileRef = 13EF0E362BD7A4A80015FDDA /* OnBoardingScreen.swift */; };
		13FA586B2BD7BDCC00AC8CA4 /* SignUpScreen.swift in Sources */ = {isa = PBXBuildFile; fileRef = 13FA586A2BD7BDCC00AC8CA4 /* SignUpScreen.swift */; };
		174C2D072BD629D300945401 /* LoginScreen.swift in Sources */ = {isa = PBXBuildFile; fileRef = 174C2D062BD629D200945401 /* LoginScreen.swift */; };
		176900242BD2A94500F5F81E /* Team_7_HMSApp.swift in Sources */ = {isa = PBXBuildFile; fileRef = 176900232BD2A94500F5F81E /* Team_7_HMSApp.swift */; };
		176900262BD2A94500F5F81E /* ContentView.swift in Sources */ = {isa = PBXBuildFile; fileRef = 176900252BD2A94500F5F81E /* ContentView.swift */; };
		176900282BD2A94700F5F81E /* Assets.xcassets in Resources */ = {isa = PBXBuildFile; fileRef = 176900272BD2A94700F5F81E /* Assets.xcassets */; };
		1769002B2BD2A94700F5F81E /* Preview Assets.xcassets in Resources */ = {isa = PBXBuildFile; fileRef = 1769002A2BD2A94700F5F81E /* Preview Assets.xcassets */; };
		176900352BD2A94700F5F81E /* Team_7_HMSTests.swift in Sources */ = {isa = PBXBuildFile; fileRef = 176900342BD2A94700F5F81E /* Team_7_HMSTests.swift */; };
		1769003F2BD2A94700F5F81E /* Team_7_HMSUITests.swift in Sources */ = {isa = PBXBuildFile; fileRef = 1769003E2BD2A94700F5F81E /* Team_7_HMSUITests.swift */; };
		176900412BD2A94700F5F81E /* Team_7_HMSUITestsLaunchTests.swift in Sources */ = {isa = PBXBuildFile; fileRef = 176900402BD2A94700F5F81E /* Team_7_HMSUITestsLaunchTests.swift */; };
		176900512BD61B2400F5F81E /* FirebaseAnalytics in Frameworks */ = {isa = PBXBuildFile; productRef = 176900502BD61B2400F5F81E /* FirebaseAnalytics */; };
		176900532BD61B2400F5F81E /* FirebaseAnalyticsOnDeviceConversion in Frameworks */ = {isa = PBXBuildFile; productRef = 176900522BD61B2400F5F81E /* FirebaseAnalyticsOnDeviceConversion */; };
		176900552BD61B2400F5F81E /* FirebaseAnalyticsSwift in Frameworks */ = {isa = PBXBuildFile; productRef = 176900542BD61B2400F5F81E /* FirebaseAnalyticsSwift */; };
		176900572BD61B2400F5F81E /* FirebaseAnalyticsWithoutAdIdSupport in Frameworks */ = {isa = PBXBuildFile; productRef = 176900562BD61B2400F5F81E /* FirebaseAnalyticsWithoutAdIdSupport */; };
		176900592BD61B2400F5F81E /* FirebaseAppCheck in Frameworks */ = {isa = PBXBuildFile; productRef = 176900582BD61B2400F5F81E /* FirebaseAppCheck */; };
		1769005B2BD6201600F5F81E /* signInBack.swift in Sources */ = {isa = PBXBuildFile; fileRef = 1769005A2BD6201600F5F81E /* signInBack.swift */; };
		17F63ABA2BD6340D0089511F /* GoogleService-Info.plist in Resources */ = {isa = PBXBuildFile; fileRef = 17F63AB92BD6340D0089511F /* GoogleService-Info.plist */; };
		17F63ABC2BD634EB0089511F /* FirebaseAppDistribution-Beta in Frameworks */ = {isa = PBXBuildFile; productRef = 17F63ABB2BD634EB0089511F /* FirebaseAppDistribution-Beta */; };
		17F63ABE2BD634EB0089511F /* FirebaseAuth in Frameworks */ = {isa = PBXBuildFile; productRef = 17F63ABD2BD634EB0089511F /* FirebaseAuth */; };
		17F63AC02BD634EB0089511F /* FirebaseAuthCombine-Community in Frameworks */ = {isa = PBXBuildFile; productRef = 17F63ABF2BD634EB0089511F /* FirebaseAuthCombine-Community */; };
		17F63AC22BD634EB0089511F /* FirebaseCrashlytics in Frameworks */ = {isa = PBXBuildFile; productRef = 17F63AC12BD634EB0089511F /* FirebaseCrashlytics */; };
		17F63AC42BD634EB0089511F /* FirebaseDatabase in Frameworks */ = {isa = PBXBuildFile; productRef = 17F63AC32BD634EB0089511F /* FirebaseDatabase */; };
		17F63AC62BD634EB0089511F /* FirebaseDatabaseSwift in Frameworks */ = {isa = PBXBuildFile; productRef = 17F63AC52BD634EB0089511F /* FirebaseDatabaseSwift */; };
		17F63AC82BD634EB0089511F /* FirebaseDynamicLinks in Frameworks */ = {isa = PBXBuildFile; productRef = 17F63AC72BD634EB0089511F /* FirebaseDynamicLinks */; };
		17F63ACA2BD634EB0089511F /* FirebaseFirestore in Frameworks */ = {isa = PBXBuildFile; productRef = 17F63AC92BD634EB0089511F /* FirebaseFirestore */; };
		17F63ACC2BD634EB0089511F /* FirebaseFirestoreCombine-Community in Frameworks */ = {isa = PBXBuildFile; productRef = 17F63ACB2BD634EB0089511F /* FirebaseFirestoreCombine-Community */; };
		17F63ACE2BD634EB0089511F /* FirebaseFirestoreSwift in Frameworks */ = {isa = PBXBuildFile; productRef = 17F63ACD2BD634EB0089511F /* FirebaseFirestoreSwift */; };
		17F63AD02BD634EB0089511F /* FirebaseFunctions in Frameworks */ = {isa = PBXBuildFile; productRef = 17F63ACF2BD634EB0089511F /* FirebaseFunctions */; };
		17F63AD22BD634EB0089511F /* FirebaseFunctionsCombine-Community in Frameworks */ = {isa = PBXBuildFile; productRef = 17F63AD12BD634EB0089511F /* FirebaseFunctionsCombine-Community */; };
		17F63AD42BD634EB0089511F /* FirebaseInAppMessaging-Beta in Frameworks */ = {isa = PBXBuildFile; productRef = 17F63AD32BD634EB0089511F /* FirebaseInAppMessaging-Beta */; };
		17F63AD62BD634EB0089511F /* FirebaseInAppMessagingSwift-Beta in Frameworks */ = {isa = PBXBuildFile; productRef = 17F63AD52BD634EB0089511F /* FirebaseInAppMessagingSwift-Beta */; };
		17F63AD82BD634EB0089511F /* FirebaseInstallations in Frameworks */ = {isa = PBXBuildFile; productRef = 17F63AD72BD634EB0089511F /* FirebaseInstallations */; };
		17F63ADA2BD634EB0089511F /* FirebaseMLModelDownloader in Frameworks */ = {isa = PBXBuildFile; productRef = 17F63AD92BD634EB0089511F /* FirebaseMLModelDownloader */; };
		17F63ADC2BD634EB0089511F /* FirebaseMessaging in Frameworks */ = {isa = PBXBuildFile; productRef = 17F63ADB2BD634EB0089511F /* FirebaseMessaging */; };
		17F63ADE2BD634EB0089511F /* FirebasePerformance in Frameworks */ = {isa = PBXBuildFile; productRef = 17F63ADD2BD634EB0089511F /* FirebasePerformance */; };
		17F63AE02BD634EB0089511F /* FirebaseRemoteConfig in Frameworks */ = {isa = PBXBuildFile; productRef = 17F63ADF2BD634EB0089511F /* FirebaseRemoteConfig */; };
		17F63AE22BD634EB0089511F /* FirebaseRemoteConfigSwift in Frameworks */ = {isa = PBXBuildFile; productRef = 17F63AE12BD634EB0089511F /* FirebaseRemoteConfigSwift */; };
		17F63AE42BD634EB0089511F /* FirebaseStorage in Frameworks */ = {isa = PBXBuildFile; productRef = 17F63AE32BD634EB0089511F /* FirebaseStorage */; };
		17F63AE62BD634EB0089511F /* FirebaseStorageCombine-Community in Frameworks */ = {isa = PBXBuildFile; productRef = 17F63AE52BD634EB0089511F /* FirebaseStorageCombine-Community */; };
		17F63AE82BD636610089511F /* GoogleSignIn in Frameworks */ = {isa = PBXBuildFile; productRef = 17F63AE72BD636610089511F /* GoogleSignIn */; };
		17F63AEA2BD636610089511F /* GoogleSignInSwift in Frameworks */ = {isa = PBXBuildFile; productRef = 17F63AE92BD636610089511F /* GoogleSignInSwift */; };
		17F63AED2BD63E440089511F /* AppDelegate.swift in Sources */ = {isa = PBXBuildFile; fileRef = 17F63AEC2BD63E440089511F /* AppDelegate.swift */; };
		17F63AF02BD671080089511F /* +View.swift in Sources */ = {isa = PBXBuildFile; fileRef = 17F63AEF2BD671080089511F /* +View.swift */; };
		17F63AF72BD7A1750089511F /* AddDoctorDetails.swift in Sources */ = {isa = PBXBuildFile; fileRef = 17F63AF62BD7A1750089511F /* AddDoctorDetails.swift */; };
		17F63AF92BD7A1BF0089511F /* FirebaseHelperFunctions.swift in Sources */ = {isa = PBXBuildFile; fileRef = 17F63AF82BD7A1BF0089511F /* FirebaseHelperFunctions.swift */; };
		17F63AFD2BD7A27E0089511F /* GeneratePassword.swift in Sources */ = {isa = PBXBuildFile; fileRef = 17F63AFC2BD7A27E0089511F /* GeneratePassword.swift */; };
		17F63AFF2BD7A2A20089511F /* SendCredentials.swift in Sources */ = {isa = PBXBuildFile; fileRef = 17F63AFE2BD7A2A20089511F /* SendCredentials.swift */; };
		360295FB2BD7AD69001C1397 /* DoctorLoginScreenView.swift in Sources */ = {isa = PBXBuildFile; fileRef = 360295FA2BD7AD69001C1397 /* DoctorLoginScreenView.swift */; };
/* End PBXBuildFile section */

/* Begin PBXContainerItemProxy section */
		176900312BD2A94700F5F81E /* PBXContainerItemProxy */ = {
			isa = PBXContainerItemProxy;
			containerPortal = 176900182BD2A94500F5F81E /* Project object */;
			proxyType = 1;
			remoteGlobalIDString = 1769001F2BD2A94500F5F81E;
			remoteInfo = "Team-7-HMS";
		};
		1769003B2BD2A94700F5F81E /* PBXContainerItemProxy */ = {
			isa = PBXContainerItemProxy;
			containerPortal = 176900182BD2A94500F5F81E /* Project object */;
			proxyType = 1;
			remoteGlobalIDString = 1769001F2BD2A94500F5F81E;
			remoteInfo = "Team-7-HMS";
		};
/* End PBXContainerItemProxy section */

/* Begin PBXFileReference section */
		13EF0E362BD7A4A80015FDDA /* OnBoardingScreen.swift */ = {isa = PBXFileReference; lastKnownFileType = sourcecode.swift; path = OnBoardingScreen.swift; sourceTree = "<group>"; };
		13FA586A2BD7BDCC00AC8CA4 /* SignUpScreen.swift */ = {isa = PBXFileReference; lastKnownFileType = sourcecode.swift; path = SignUpScreen.swift; sourceTree = "<group>"; };
		174C2D062BD629D200945401 /* LoginScreen.swift */ = {isa = PBXFileReference; lastKnownFileType = sourcecode.swift; path = LoginScreen.swift; sourceTree = "<group>"; };
		176900202BD2A94500F5F81E /* Team-7-HMS.app */ = {isa = PBXFileReference; explicitFileType = wrapper.application; includeInIndex = 0; path = "Team-7-HMS.app"; sourceTree = BUILT_PRODUCTS_DIR; };
		176900232BD2A94500F5F81E /* Team_7_HMSApp.swift */ = {isa = PBXFileReference; lastKnownFileType = sourcecode.swift; path = Team_7_HMSApp.swift; sourceTree = "<group>"; };
		176900252BD2A94500F5F81E /* ContentView.swift */ = {isa = PBXFileReference; lastKnownFileType = sourcecode.swift; path = ContentView.swift; sourceTree = "<group>"; };
		176900272BD2A94700F5F81E /* Assets.xcassets */ = {isa = PBXFileReference; lastKnownFileType = folder.assetcatalog; path = Assets.xcassets; sourceTree = "<group>"; };
		1769002A2BD2A94700F5F81E /* Preview Assets.xcassets */ = {isa = PBXFileReference; lastKnownFileType = folder.assetcatalog; path = "Preview Assets.xcassets"; sourceTree = "<group>"; };
		176900302BD2A94700F5F81E /* Team-7-HMSTests.xctest */ = {isa = PBXFileReference; explicitFileType = wrapper.cfbundle; includeInIndex = 0; path = "Team-7-HMSTests.xctest"; sourceTree = BUILT_PRODUCTS_DIR; };
		176900342BD2A94700F5F81E /* Team_7_HMSTests.swift */ = {isa = PBXFileReference; lastKnownFileType = sourcecode.swift; path = Team_7_HMSTests.swift; sourceTree = "<group>"; };
		1769003A2BD2A94700F5F81E /* Team-7-HMSUITests.xctest */ = {isa = PBXFileReference; explicitFileType = wrapper.cfbundle; includeInIndex = 0; path = "Team-7-HMSUITests.xctest"; sourceTree = BUILT_PRODUCTS_DIR; };
		1769003E2BD2A94700F5F81E /* Team_7_HMSUITests.swift */ = {isa = PBXFileReference; lastKnownFileType = sourcecode.swift; path = Team_7_HMSUITests.swift; sourceTree = "<group>"; };
		176900402BD2A94700F5F81E /* Team_7_HMSUITestsLaunchTests.swift */ = {isa = PBXFileReference; lastKnownFileType = sourcecode.swift; path = Team_7_HMSUITestsLaunchTests.swift; sourceTree = "<group>"; };
		1769005A2BD6201600F5F81E /* signInBack.swift */ = {isa = PBXFileReference; lastKnownFileType = sourcecode.swift; path = signInBack.swift; sourceTree = "<group>"; };
		17F63AB92BD6340D0089511F /* GoogleService-Info.plist */ = {isa = PBXFileReference; fileEncoding = 4; lastKnownFileType = text.plist.xml; path = "GoogleService-Info.plist"; sourceTree = "<group>"; };
		17F63AEC2BD63E440089511F /* AppDelegate.swift */ = {isa = PBXFileReference; lastKnownFileType = sourcecode.swift; path = AppDelegate.swift; sourceTree = "<group>"; };
		17F63AEE2BD640570089511F /* Info.plist */ = {isa = PBXFileReference; lastKnownFileType = text.plist; path = Info.plist; sourceTree = "<group>"; };
		17F63AEF2BD671080089511F /* +View.swift */ = {isa = PBXFileReference; lastKnownFileType = sourcecode.swift; path = "+View.swift"; sourceTree = "<group>"; };
		17F63AF62BD7A1750089511F /* AddDoctorDetails.swift */ = {isa = PBXFileReference; lastKnownFileType = sourcecode.swift; path = AddDoctorDetails.swift; sourceTree = "<group>"; };
		17F63AF82BD7A1BF0089511F /* FirebaseHelperFunctions.swift */ = {isa = PBXFileReference; lastKnownFileType = sourcecode.swift; path = FirebaseHelperFunctions.swift; sourceTree = "<group>"; };
		17F63AFC2BD7A27E0089511F /* GeneratePassword.swift */ = {isa = PBXFileReference; lastKnownFileType = sourcecode.swift; path = GeneratePassword.swift; sourceTree = "<group>"; };
		17F63AFE2BD7A2A20089511F /* SendCredentials.swift */ = {isa = PBXFileReference; lastKnownFileType = sourcecode.swift; path = SendCredentials.swift; sourceTree = "<group>"; };
		360295FA2BD7AD69001C1397 /* DoctorLoginScreenView.swift */ = {isa = PBXFileReference; lastKnownFileType = sourcecode.swift; path = DoctorLoginScreenView.swift; sourceTree = "<group>"; };
/* End PBXFileReference section */

/* Begin PBXFrameworksBuildPhase section */
		1769001D2BD2A94500F5F81E /* Frameworks */ = {
			isa = PBXFrameworksBuildPhase;
			buildActionMask = 2147483647;
			files = (
				17F63AC42BD634EB0089511F /* FirebaseDatabase in Frameworks */,
				17F63AD22BD634EB0089511F /* FirebaseFunctionsCombine-Community in Frameworks */,
				17F63ACA2BD634EB0089511F /* FirebaseFirestore in Frameworks */,
				176900552BD61B2400F5F81E /* FirebaseAnalyticsSwift in Frameworks */,
				176900512BD61B2400F5F81E /* FirebaseAnalytics in Frameworks */,
				176900532BD61B2400F5F81E /* FirebaseAnalyticsOnDeviceConversion in Frameworks */,
				17F63ADA2BD634EB0089511F /* FirebaseMLModelDownloader in Frameworks */,
				17F63AEA2BD636610089511F /* GoogleSignInSwift in Frameworks */,
				17F63ACE2BD634EB0089511F /* FirebaseFirestoreSwift in Frameworks */,
				176900592BD61B2400F5F81E /* FirebaseAppCheck in Frameworks */,
				176900572BD61B2400F5F81E /* FirebaseAnalyticsWithoutAdIdSupport in Frameworks */,
				17F63ABE2BD634EB0089511F /* FirebaseAuth in Frameworks */,
				17F63AC22BD634EB0089511F /* FirebaseCrashlytics in Frameworks */,
				17F63AE22BD634EB0089511F /* FirebaseRemoteConfigSwift in Frameworks */,
				17F63AE82BD636610089511F /* GoogleSignIn in Frameworks */,
				17F63AD42BD634EB0089511F /* FirebaseInAppMessaging-Beta in Frameworks */,
				17F63AC62BD634EB0089511F /* FirebaseDatabaseSwift in Frameworks */,
				17F63AD02BD634EB0089511F /* FirebaseFunctions in Frameworks */,
				17F63AE62BD634EB0089511F /* FirebaseStorageCombine-Community in Frameworks */,
				17F63AE02BD634EB0089511F /* FirebaseRemoteConfig in Frameworks */,
				17F63ABC2BD634EB0089511F /* FirebaseAppDistribution-Beta in Frameworks */,
				17F63AC02BD634EB0089511F /* FirebaseAuthCombine-Community in Frameworks */,
				17F63ADE2BD634EB0089511F /* FirebasePerformance in Frameworks */,
				17F63AD62BD634EB0089511F /* FirebaseInAppMessagingSwift-Beta in Frameworks */,
				17F63AE42BD634EB0089511F /* FirebaseStorage in Frameworks */,
				17F63AC82BD634EB0089511F /* FirebaseDynamicLinks in Frameworks */,
				17F63ACC2BD634EB0089511F /* FirebaseFirestoreCombine-Community in Frameworks */,
				17F63ADC2BD634EB0089511F /* FirebaseMessaging in Frameworks */,
				17F63AD82BD634EB0089511F /* FirebaseInstallations in Frameworks */,
			);
			runOnlyForDeploymentPostprocessing = 0;
		};
		1769002D2BD2A94700F5F81E /* Frameworks */ = {
			isa = PBXFrameworksBuildPhase;
			buildActionMask = 2147483647;
			files = (
			);
			runOnlyForDeploymentPostprocessing = 0;
		};
		176900372BD2A94700F5F81E /* Frameworks */ = {
			isa = PBXFrameworksBuildPhase;
			buildActionMask = 2147483647;
			files = (
			);
			runOnlyForDeploymentPostprocessing = 0;
		};
/* End PBXFrameworksBuildPhase section */

/* Begin PBXGroup section */
		176900172BD2A94500F5F81E = {
			isa = PBXGroup;
			children = (
				176900222BD2A94500F5F81E /* Team-7-HMS */,
				1769003D2BD2A94700F5F81E /* Team-7-HMSUITests */,
				176900212BD2A94500F5F81E /* Products */,
			);
			sourceTree = "<group>";
		};
		176900212BD2A94500F5F81E /* Products */ = {
			isa = PBXGroup;
			children = (
				176900202BD2A94500F5F81E /* Team-7-HMS.app */,
				176900302BD2A94700F5F81E /* Team-7-HMSTests.xctest */,
				1769003A2BD2A94700F5F81E /* Team-7-HMSUITests.xctest */,
			);
			name = Products;
			sourceTree = "<group>";
		};
		176900222BD2A94500F5F81E /* Team-7-HMS */ = {
			isa = PBXGroup;
			children = (
				176900232BD2A94500F5F81E /* Team_7_HMSApp.swift */,
				176900252BD2A94500F5F81E /* ContentView.swift */,
				17F63AFA2BD7A2420089511F /* ViewModel */,
				17F63AF42BD7A10E0089511F /* Doctors */,
				17F63AF32BD7998F0089511F /* Patient */,
				17F63AEB2BD63E380089511F /* Helper */,
				17F63AB92BD6340D0089511F /* GoogleService-Info.plist */,
				17F63AEE2BD640570089511F /* Info.plist */,
				176900272BD2A94700F5F81E /* Assets.xcassets */,
				176900292BD2A94700F5F81E /* Preview Content */,
			);
			path = "Team-7-HMS";
			sourceTree = "<group>";
		};
		176900292BD2A94700F5F81E /* Preview Content */ = {
			isa = PBXGroup;
			children = (
				176900332BD2A94700F5F81E /* Team-7-HMSTests */,
				1769002A2BD2A94700F5F81E /* Preview Assets.xcassets */,
			);
			path = "Preview Content";
			sourceTree = "<group>";
		};
		176900332BD2A94700F5F81E /* Team-7-HMSTests */ = {
			isa = PBXGroup;
			children = (
				176900342BD2A94700F5F81E /* Team_7_HMSTests.swift */,
			);
			path = "Team-7-HMSTests";
			sourceTree = "<group>";
		};
		1769003D2BD2A94700F5F81E /* Team-7-HMSUITests */ = {
			isa = PBXGroup;
			children = (
				1769003E2BD2A94700F5F81E /* Team_7_HMSUITests.swift */,
				176900402BD2A94700F5F81E /* Team_7_HMSUITestsLaunchTests.swift */,
			);
			path = "Team-7-HMSUITests";
			sourceTree = "<group>";
		};
		17F63AEB2BD63E380089511F /* Helper */ = {
			isa = PBXGroup;
			children = (
				17F63AEC2BD63E440089511F /* AppDelegate.swift */,
				17F63AF82BD7A1BF0089511F /* FirebaseHelperFunctions.swift */,
			);
			path = Helper;
			sourceTree = "<group>";
		};
		17F63AF12BD799660089511F /* Components */ = {
			isa = PBXGroup;
			children = (
				1769005A2BD6201600F5F81E /* signInBack.swift */,
			);
			path = Components;
			sourceTree = "<group>";
		};
		17F63AF22BD799830089511F /* Screen */ = {
			isa = PBXGroup;
			children = (
				13EF0E362BD7A4A80015FDDA /* OnBoardingScreen.swift */,
				174C2D062BD629D200945401 /* LoginScreen.swift */,
				13FA586A2BD7BDCC00AC8CA4 /* SignUpScreen.swift */,
				17F63AEF2BD671080089511F /* +View.swift */,
			);
			path = Screen;
			sourceTree = "<group>";
		};
		17F63AF32BD7998F0089511F /* Patient */ = {
			isa = PBXGroup;
			children = (
				17F63AF12BD799660089511F /* Components */,
				17F63AF22BD799830089511F /* Screen */,
			);
			path = Patient;
			sourceTree = "<group>";
		};
		17F63AF42BD7A10E0089511F /* Doctors */ = {
			isa = PBXGroup;
			children = (
				17F63AF52BD7A1380089511F /* Screen */,
			);
			path = Doctors;
			sourceTree = "<group>";
		};
		17F63AF52BD7A1380089511F /* Screen */ = {
			isa = PBXGroup;
			children = (
				17F63AF62BD7A1750089511F /* AddDoctorDetails.swift */,
				360295FA2BD7AD69001C1397 /* DoctorLoginScreenView.swift */,
			);
			path = Screen;
			sourceTree = "<group>";
		};
		17F63AFA2BD7A2420089511F /* ViewModel */ = {
			isa = PBXGroup;
			children = (
				17F63AFB2BD7A24D0089511F /* Doctor */,
			);
			path = ViewModel;
			sourceTree = "<group>";
		};
		17F63AFB2BD7A24D0089511F /* Doctor */ = {
			isa = PBXGroup;
			children = (
				17F63AFC2BD7A27E0089511F /* GeneratePassword.swift */,
				17F63AFE2BD7A2A20089511F /* SendCredentials.swift */,
			);
			path = Doctor;
			sourceTree = "<group>";
		};
/* End PBXGroup section */

/* Begin PBXNativeTarget section */
		1769001F2BD2A94500F5F81E /* Team-7-HMS */ = {
			isa = PBXNativeTarget;
			buildConfigurationList = 176900442BD2A94700F5F81E /* Build configuration list for PBXNativeTarget "Team-7-HMS" */;
			buildPhases = (
				1769001C2BD2A94500F5F81E /* Sources */,
				1769001D2BD2A94500F5F81E /* Frameworks */,
				1769001E2BD2A94500F5F81E /* Resources */,
			);
			buildRules = (
			);
			dependencies = (
			);
			name = "Team-7-HMS";
			packageProductDependencies = (
				176900502BD61B2400F5F81E /* FirebaseAnalytics */,
				176900522BD61B2400F5F81E /* FirebaseAnalyticsOnDeviceConversion */,
				176900542BD61B2400F5F81E /* FirebaseAnalyticsSwift */,
				176900562BD61B2400F5F81E /* FirebaseAnalyticsWithoutAdIdSupport */,
				176900582BD61B2400F5F81E /* FirebaseAppCheck */,
				17F63ABB2BD634EB0089511F /* FirebaseAppDistribution-Beta */,
				17F63ABD2BD634EB0089511F /* FirebaseAuth */,
				17F63ABF2BD634EB0089511F /* FirebaseAuthCombine-Community */,
				17F63AC12BD634EB0089511F /* FirebaseCrashlytics */,
				17F63AC32BD634EB0089511F /* FirebaseDatabase */,
				17F63AC52BD634EB0089511F /* FirebaseDatabaseSwift */,
				17F63AC72BD634EB0089511F /* FirebaseDynamicLinks */,
				17F63AC92BD634EB0089511F /* FirebaseFirestore */,
				17F63ACB2BD634EB0089511F /* FirebaseFirestoreCombine-Community */,
				17F63ACD2BD634EB0089511F /* FirebaseFirestoreSwift */,
				17F63ACF2BD634EB0089511F /* FirebaseFunctions */,
				17F63AD12BD634EB0089511F /* FirebaseFunctionsCombine-Community */,
				17F63AD32BD634EB0089511F /* FirebaseInAppMessaging-Beta */,
				17F63AD52BD634EB0089511F /* FirebaseInAppMessagingSwift-Beta */,
				17F63AD72BD634EB0089511F /* FirebaseInstallations */,
				17F63AD92BD634EB0089511F /* FirebaseMLModelDownloader */,
				17F63ADB2BD634EB0089511F /* FirebaseMessaging */,
				17F63ADD2BD634EB0089511F /* FirebasePerformance */,
				17F63ADF2BD634EB0089511F /* FirebaseRemoteConfig */,
				17F63AE12BD634EB0089511F /* FirebaseRemoteConfigSwift */,
				17F63AE32BD634EB0089511F /* FirebaseStorage */,
				17F63AE52BD634EB0089511F /* FirebaseStorageCombine-Community */,
				17F63AE72BD636610089511F /* GoogleSignIn */,
				17F63AE92BD636610089511F /* GoogleSignInSwift */,
			);
			productName = "Team-7-HMS";
			productReference = 176900202BD2A94500F5F81E /* Team-7-HMS.app */;
			productType = "com.apple.product-type.application";
		};
		1769002F2BD2A94700F5F81E /* Team-7-HMSTests */ = {
			isa = PBXNativeTarget;
			buildConfigurationList = 176900472BD2A94700F5F81E /* Build configuration list for PBXNativeTarget "Team-7-HMSTests" */;
			buildPhases = (
				1769002C2BD2A94700F5F81E /* Sources */,
				1769002D2BD2A94700F5F81E /* Frameworks */,
				1769002E2BD2A94700F5F81E /* Resources */,
			);
			buildRules = (
			);
			dependencies = (
				176900322BD2A94700F5F81E /* PBXTargetDependency */,
			);
			name = "Team-7-HMSTests";
			productName = "Team-7-HMSTests";
			productReference = 176900302BD2A94700F5F81E /* Team-7-HMSTests.xctest */;
			productType = "com.apple.product-type.bundle.unit-test";
		};
		176900392BD2A94700F5F81E /* Team-7-HMSUITests */ = {
			isa = PBXNativeTarget;
			buildConfigurationList = 1769004A2BD2A94700F5F81E /* Build configuration list for PBXNativeTarget "Team-7-HMSUITests" */;
			buildPhases = (
				176900362BD2A94700F5F81E /* Sources */,
				176900372BD2A94700F5F81E /* Frameworks */,
				176900382BD2A94700F5F81E /* Resources */,
			);
			buildRules = (
			);
			dependencies = (
				1769003C2BD2A94700F5F81E /* PBXTargetDependency */,
			);
			name = "Team-7-HMSUITests";
			productName = "Team-7-HMSUITests";
			productReference = 1769003A2BD2A94700F5F81E /* Team-7-HMSUITests.xctest */;
			productType = "com.apple.product-type.bundle.ui-testing";
		};
/* End PBXNativeTarget section */

/* Begin PBXProject section */
		176900182BD2A94500F5F81E /* Project object */ = {
			isa = PBXProject;
			attributes = {
				BuildIndependentTargetsInParallel = 1;
				LastSwiftUpdateCheck = 1530;
				LastUpgradeCheck = 1530;
				TargetAttributes = {
					1769001F2BD2A94500F5F81E = {
						CreatedOnToolsVersion = 15.3;
					};
					1769002F2BD2A94700F5F81E = {
						CreatedOnToolsVersion = 15.3;
						TestTargetID = 1769001F2BD2A94500F5F81E;
					};
					176900392BD2A94700F5F81E = {
						CreatedOnToolsVersion = 15.3;
						TestTargetID = 1769001F2BD2A94500F5F81E;
					};
				};
			};
			buildConfigurationList = 1769001B2BD2A94500F5F81E /* Build configuration list for PBXProject "Team-7-HMS" */;
			compatibilityVersion = "Xcode 14.0";
			developmentRegion = en;
			hasScannedForEncodings = 0;
			knownRegions = (
				en,
				Base,
			);
			mainGroup = 176900172BD2A94500F5F81E;
			packageReferences = (
				1769004D2BD6192900F5F81E /* XCRemoteSwiftPackageReference "firebase-ios-sdk" */,
				17F63AB82BD633370089511F /* XCRemoteSwiftPackageReference "GoogleSignIn-iOS" */,
			);
			productRefGroup = 176900212BD2A94500F5F81E /* Products */;
			projectDirPath = "";
			projectRoot = "";
			targets = (
				1769001F2BD2A94500F5F81E /* Team-7-HMS */,
				1769002F2BD2A94700F5F81E /* Team-7-HMSTests */,
				176900392BD2A94700F5F81E /* Team-7-HMSUITests */,
			);
		};
/* End PBXProject section */

/* Begin PBXResourcesBuildPhase section */
		1769001E2BD2A94500F5F81E /* Resources */ = {
			isa = PBXResourcesBuildPhase;
			buildActionMask = 2147483647;
			files = (
				1769002B2BD2A94700F5F81E /* Preview Assets.xcassets in Resources */,
				176900282BD2A94700F5F81E /* Assets.xcassets in Resources */,
				17F63ABA2BD6340D0089511F /* GoogleService-Info.plist in Resources */,
			);
			runOnlyForDeploymentPostprocessing = 0;
		};
		1769002E2BD2A94700F5F81E /* Resources */ = {
			isa = PBXResourcesBuildPhase;
			buildActionMask = 2147483647;
			files = (
			);
			runOnlyForDeploymentPostprocessing = 0;
		};
		176900382BD2A94700F5F81E /* Resources */ = {
			isa = PBXResourcesBuildPhase;
			buildActionMask = 2147483647;
			files = (
			);
			runOnlyForDeploymentPostprocessing = 0;
		};
/* End PBXResourcesBuildPhase section */

/* Begin PBXSourcesBuildPhase section */
		1769001C2BD2A94500F5F81E /* Sources */ = {
			isa = PBXSourcesBuildPhase;
			buildActionMask = 2147483647;
			files = (
				17F63AF72BD7A1750089511F /* AddDoctorDetails.swift in Sources */,
				176900262BD2A94500F5F81E /* ContentView.swift in Sources */,
				17F63AFF2BD7A2A20089511F /* SendCredentials.swift in Sources */,
				17F63AF92BD7A1BF0089511F /* FirebaseHelperFunctions.swift in Sources */,
				174C2D072BD629D300945401 /* LoginScreen.swift in Sources */,
				17F63AF02BD671080089511F /* +View.swift in Sources */,
				17F63AED2BD63E440089511F /* AppDelegate.swift in Sources */,
				1769005B2BD6201600F5F81E /* signInBack.swift in Sources */,
				17F63AFD2BD7A27E0089511F /* GeneratePassword.swift in Sources */,
				360295FB2BD7AD69001C1397 /* DoctorLoginScreenView.swift in Sources */,
				13EF0E372BD7A4A80015FDDA /* OnBoardingScreen.swift in Sources */,
				176900242BD2A94500F5F81E /* Team_7_HMSApp.swift in Sources */,
				13FA586B2BD7BDCC00AC8CA4 /* SignUpScreen.swift in Sources */,
			);
			runOnlyForDeploymentPostprocessing = 0;
		};
		1769002C2BD2A94700F5F81E /* Sources */ = {
			isa = PBXSourcesBuildPhase;
			buildActionMask = 2147483647;
			files = (
				176900352BD2A94700F5F81E /* Team_7_HMSTests.swift in Sources */,
			);
			runOnlyForDeploymentPostprocessing = 0;
		};
		176900362BD2A94700F5F81E /* Sources */ = {
			isa = PBXSourcesBuildPhase;
			buildActionMask = 2147483647;
			files = (
				176900412BD2A94700F5F81E /* Team_7_HMSUITestsLaunchTests.swift in Sources */,
				1769003F2BD2A94700F5F81E /* Team_7_HMSUITests.swift in Sources */,
			);
			runOnlyForDeploymentPostprocessing = 0;
		};
/* End PBXSourcesBuildPhase section */

/* Begin PBXTargetDependency section */
		176900322BD2A94700F5F81E /* PBXTargetDependency */ = {
			isa = PBXTargetDependency;
			target = 1769001F2BD2A94500F5F81E /* Team-7-HMS */;
			targetProxy = 176900312BD2A94700F5F81E /* PBXContainerItemProxy */;
		};
		1769003C2BD2A94700F5F81E /* PBXTargetDependency */ = {
			isa = PBXTargetDependency;
			target = 1769001F2BD2A94500F5F81E /* Team-7-HMS */;
			targetProxy = 1769003B2BD2A94700F5F81E /* PBXContainerItemProxy */;
		};
/* End PBXTargetDependency section */

/* Begin XCBuildConfiguration section */
		176900422BD2A94700F5F81E /* Debug */ = {
			isa = XCBuildConfiguration;
			buildSettings = {
				ALWAYS_SEARCH_USER_PATHS = NO;
				ASSETCATALOG_COMPILER_GENERATE_SWIFT_ASSET_SYMBOL_EXTENSIONS = YES;
				CLANG_ANALYZER_NONNULL = YES;
				CLANG_ANALYZER_NUMBER_OBJECT_CONVERSION = YES_AGGRESSIVE;
				CLANG_CXX_LANGUAGE_STANDARD = "gnu++20";
				CLANG_ENABLE_MODULES = YES;
				CLANG_ENABLE_OBJC_ARC = YES;
				CLANG_ENABLE_OBJC_WEAK = YES;
				CLANG_WARN_BLOCK_CAPTURE_AUTORELEASING = YES;
				CLANG_WARN_BOOL_CONVERSION = YES;
				CLANG_WARN_COMMA = YES;
				CLANG_WARN_CONSTANT_CONVERSION = YES;
				CLANG_WARN_DEPRECATED_OBJC_IMPLEMENTATIONS = YES;
				CLANG_WARN_DIRECT_OBJC_ISA_USAGE = YES_ERROR;
				CLANG_WARN_DOCUMENTATION_COMMENTS = YES;
				CLANG_WARN_EMPTY_BODY = YES;
				CLANG_WARN_ENUM_CONVERSION = YES;
				CLANG_WARN_INFINITE_RECURSION = YES;
				CLANG_WARN_INT_CONVERSION = YES;
				CLANG_WARN_NON_LITERAL_NULL_CONVERSION = YES;
				CLANG_WARN_OBJC_IMPLICIT_RETAIN_SELF = YES;
				CLANG_WARN_OBJC_LITERAL_CONVERSION = YES;
				CLANG_WARN_OBJC_ROOT_CLASS = YES_ERROR;
				CLANG_WARN_QUOTED_INCLUDE_IN_FRAMEWORK_HEADER = YES;
				CLANG_WARN_RANGE_LOOP_ANALYSIS = YES;
				CLANG_WARN_STRICT_PROTOTYPES = YES;
				CLANG_WARN_SUSPICIOUS_MOVE = YES;
				CLANG_WARN_UNGUARDED_AVAILABILITY = YES_AGGRESSIVE;
				CLANG_WARN_UNREACHABLE_CODE = YES;
				CLANG_WARN__DUPLICATE_METHOD_MATCH = YES;
				COPY_PHASE_STRIP = NO;
				DEBUG_INFORMATION_FORMAT = dwarf;
				ENABLE_STRICT_OBJC_MSGSEND = YES;
				ENABLE_TESTABILITY = YES;
				ENABLE_USER_SCRIPT_SANDBOXING = YES;
				GCC_C_LANGUAGE_STANDARD = gnu17;
				GCC_DYNAMIC_NO_PIC = NO;
				GCC_NO_COMMON_BLOCKS = YES;
				GCC_OPTIMIZATION_LEVEL = 0;
				GCC_PREPROCESSOR_DEFINITIONS = (
					"DEBUG=1",
					"$(inherited)",
				);
				GCC_WARN_64_TO_32_BIT_CONVERSION = YES;
				GCC_WARN_ABOUT_RETURN_TYPE = YES_ERROR;
				GCC_WARN_UNDECLARED_SELECTOR = YES;
				GCC_WARN_UNINITIALIZED_AUTOS = YES_AGGRESSIVE;
				GCC_WARN_UNUSED_FUNCTION = YES;
				GCC_WARN_UNUSED_VARIABLE = YES;
				IPHONEOS_DEPLOYMENT_TARGET = 17.4;
				LOCALIZATION_PREFERS_STRING_CATALOGS = YES;
				MTL_ENABLE_DEBUG_INFO = INCLUDE_SOURCE;
				MTL_FAST_MATH = YES;
				ONLY_ACTIVE_ARCH = YES;
				SDKROOT = iphoneos;
				SWIFT_ACTIVE_COMPILATION_CONDITIONS = "DEBUG $(inherited)";
				SWIFT_OPTIMIZATION_LEVEL = "-Onone";
			};
			name = Debug;
		};
		176900432BD2A94700F5F81E /* Release */ = {
			isa = XCBuildConfiguration;
			buildSettings = {
				ALWAYS_SEARCH_USER_PATHS = NO;
				ASSETCATALOG_COMPILER_GENERATE_SWIFT_ASSET_SYMBOL_EXTENSIONS = YES;
				CLANG_ANALYZER_NONNULL = YES;
				CLANG_ANALYZER_NUMBER_OBJECT_CONVERSION = YES_AGGRESSIVE;
				CLANG_CXX_LANGUAGE_STANDARD = "gnu++20";
				CLANG_ENABLE_MODULES = YES;
				CLANG_ENABLE_OBJC_ARC = YES;
				CLANG_ENABLE_OBJC_WEAK = YES;
				CLANG_WARN_BLOCK_CAPTURE_AUTORELEASING = YES;
				CLANG_WARN_BOOL_CONVERSION = YES;
				CLANG_WARN_COMMA = YES;
				CLANG_WARN_CONSTANT_CONVERSION = YES;
				CLANG_WARN_DEPRECATED_OBJC_IMPLEMENTATIONS = YES;
				CLANG_WARN_DIRECT_OBJC_ISA_USAGE = YES_ERROR;
				CLANG_WARN_DOCUMENTATION_COMMENTS = YES;
				CLANG_WARN_EMPTY_BODY = YES;
				CLANG_WARN_ENUM_CONVERSION = YES;
				CLANG_WARN_INFINITE_RECURSION = YES;
				CLANG_WARN_INT_CONVERSION = YES;
				CLANG_WARN_NON_LITERAL_NULL_CONVERSION = YES;
				CLANG_WARN_OBJC_IMPLICIT_RETAIN_SELF = YES;
				CLANG_WARN_OBJC_LITERAL_CONVERSION = YES;
				CLANG_WARN_OBJC_ROOT_CLASS = YES_ERROR;
				CLANG_WARN_QUOTED_INCLUDE_IN_FRAMEWORK_HEADER = YES;
				CLANG_WARN_RANGE_LOOP_ANALYSIS = YES;
				CLANG_WARN_STRICT_PROTOTYPES = YES;
				CLANG_WARN_SUSPICIOUS_MOVE = YES;
				CLANG_WARN_UNGUARDED_AVAILABILITY = YES_AGGRESSIVE;
				CLANG_WARN_UNREACHABLE_CODE = YES;
				CLANG_WARN__DUPLICATE_METHOD_MATCH = YES;
				COPY_PHASE_STRIP = NO;
				DEBUG_INFORMATION_FORMAT = "dwarf-with-dsym";
				ENABLE_NS_ASSERTIONS = NO;
				ENABLE_STRICT_OBJC_MSGSEND = YES;
				ENABLE_USER_SCRIPT_SANDBOXING = YES;
				GCC_C_LANGUAGE_STANDARD = gnu17;
				GCC_NO_COMMON_BLOCKS = YES;
				GCC_WARN_64_TO_32_BIT_CONVERSION = YES;
				GCC_WARN_ABOUT_RETURN_TYPE = YES_ERROR;
				GCC_WARN_UNDECLARED_SELECTOR = YES;
				GCC_WARN_UNINITIALIZED_AUTOS = YES_AGGRESSIVE;
				GCC_WARN_UNUSED_FUNCTION = YES;
				GCC_WARN_UNUSED_VARIABLE = YES;
				IPHONEOS_DEPLOYMENT_TARGET = 17.4;
				LOCALIZATION_PREFERS_STRING_CATALOGS = YES;
				MTL_ENABLE_DEBUG_INFO = NO;
				MTL_FAST_MATH = YES;
				SDKROOT = iphoneos;
				SWIFT_COMPILATION_MODE = wholemodule;
				VALIDATE_PRODUCT = YES;
			};
			name = Release;
		};
		176900452BD2A94700F5F81E /* Debug */ = {
			isa = XCBuildConfiguration;
			buildSettings = {
				ASSETCATALOG_COMPILER_APPICON_NAME = AppIcon;
				ASSETCATALOG_COMPILER_GLOBAL_ACCENT_COLOR_NAME = AccentColor;
				CODE_SIGN_STYLE = Automatic;
				CURRENT_PROJECT_VERSION = 1;
				DEVELOPMENT_ASSET_PATHS = "\"Team-7-HMS/Preview Content\"";
				DEVELOPMENT_TEAM = SDZUHSLTDN;
				ENABLE_PREVIEWS = YES;
				GENERATE_INFOPLIST_FILE = YES;
				INFOPLIST_FILE = "Team-7-HMS/Info.plist";
				INFOPLIST_KEY_UIApplicationSceneManifest_Generation = YES;
				INFOPLIST_KEY_UIApplicationSupportsIndirectInputEvents = YES;
				INFOPLIST_KEY_UILaunchScreen_Generation = YES;
				INFOPLIST_KEY_UISupportedInterfaceOrientations_iPad = "UIInterfaceOrientationPortrait UIInterfaceOrientationPortraitUpsideDown UIInterfaceOrientationLandscapeLeft UIInterfaceOrientationLandscapeRight";
				INFOPLIST_KEY_UISupportedInterfaceOrientations_iPhone = "UIInterfaceOrientationPortrait UIInterfaceOrientationLandscapeLeft UIInterfaceOrientationLandscapeRight";
				LD_RUNPATH_SEARCH_PATHS = (
					"$(inherited)",
					"@executable_path/Frameworks",
				);
				MARKETING_VERSION = 1.0;
				PRODUCT_BUNDLE_IDENTIFIER = "Team-7.Team-7-HMS";
				PRODUCT_NAME = "$(TARGET_NAME)";
				SWIFT_EMIT_LOC_STRINGS = YES;
				SWIFT_VERSION = 5.0;
				TARGETED_DEVICE_FAMILY = "1,2";
			};
			name = Debug;
		};
		176900462BD2A94700F5F81E /* Release */ = {
			isa = XCBuildConfiguration;
			buildSettings = {
				ASSETCATALOG_COMPILER_APPICON_NAME = AppIcon;
				ASSETCATALOG_COMPILER_GLOBAL_ACCENT_COLOR_NAME = AccentColor;
				CODE_SIGN_STYLE = Automatic;
				CURRENT_PROJECT_VERSION = 1;
				DEVELOPMENT_ASSET_PATHS = "\"Team-7-HMS/Preview Content\"";
				DEVELOPMENT_TEAM = SDZUHSLTDN;
				ENABLE_PREVIEWS = YES;
				GENERATE_INFOPLIST_FILE = YES;
				INFOPLIST_FILE = "Team-7-HMS/Info.plist";
				INFOPLIST_KEY_UIApplicationSceneManifest_Generation = YES;
				INFOPLIST_KEY_UIApplicationSupportsIndirectInputEvents = YES;
				INFOPLIST_KEY_UILaunchScreen_Generation = YES;
				INFOPLIST_KEY_UISupportedInterfaceOrientations_iPad = "UIInterfaceOrientationPortrait UIInterfaceOrientationPortraitUpsideDown UIInterfaceOrientationLandscapeLeft UIInterfaceOrientationLandscapeRight";
				INFOPLIST_KEY_UISupportedInterfaceOrientations_iPhone = "UIInterfaceOrientationPortrait UIInterfaceOrientationLandscapeLeft UIInterfaceOrientationLandscapeRight";
				LD_RUNPATH_SEARCH_PATHS = (
					"$(inherited)",
					"@executable_path/Frameworks",
				);
				MARKETING_VERSION = 1.0;
				PRODUCT_BUNDLE_IDENTIFIER = "Team-7.Team-7-HMS";
				PRODUCT_NAME = "$(TARGET_NAME)";
				SWIFT_EMIT_LOC_STRINGS = YES;
				SWIFT_VERSION = 5.0;
				TARGETED_DEVICE_FAMILY = "1,2";
			};
			name = Release;
		};
		176900482BD2A94700F5F81E /* Debug */ = {
			isa = XCBuildConfiguration;
			buildSettings = {
				ALWAYS_EMBED_SWIFT_STANDARD_LIBRARIES = YES;
				BUNDLE_LOADER = "$(TEST_HOST)";
				CODE_SIGN_STYLE = Automatic;
				CURRENT_PROJECT_VERSION = 1;
				DEVELOPMENT_TEAM = SDZUHSLTDN;
				GENERATE_INFOPLIST_FILE = YES;
				IPHONEOS_DEPLOYMENT_TARGET = 17.4;
				MARKETING_VERSION = 1.0;
				PRODUCT_BUNDLE_IDENTIFIER = "Team-7.Team-7-HMSTests";
				PRODUCT_NAME = "$(TARGET_NAME)";
				SWIFT_EMIT_LOC_STRINGS = NO;
				SWIFT_VERSION = 5.0;
				TARGETED_DEVICE_FAMILY = "1,2";
				TEST_HOST = "$(BUILT_PRODUCTS_DIR)/Team-7-HMS.app/$(BUNDLE_EXECUTABLE_FOLDER_PATH)/Team-7-HMS";
			};
			name = Debug;
		};
		176900492BD2A94700F5F81E /* Release */ = {
			isa = XCBuildConfiguration;
			buildSettings = {
				ALWAYS_EMBED_SWIFT_STANDARD_LIBRARIES = YES;
				BUNDLE_LOADER = "$(TEST_HOST)";
				CODE_SIGN_STYLE = Automatic;
				CURRENT_PROJECT_VERSION = 1;
				DEVELOPMENT_TEAM = SDZUHSLTDN;
				GENERATE_INFOPLIST_FILE = YES;
				IPHONEOS_DEPLOYMENT_TARGET = 17.4;
				MARKETING_VERSION = 1.0;
				PRODUCT_BUNDLE_IDENTIFIER = "Team-7.Team-7-HMSTests";
				PRODUCT_NAME = "$(TARGET_NAME)";
				SWIFT_EMIT_LOC_STRINGS = NO;
				SWIFT_VERSION = 5.0;
				TARGETED_DEVICE_FAMILY = "1,2";
				TEST_HOST = "$(BUILT_PRODUCTS_DIR)/Team-7-HMS.app/$(BUNDLE_EXECUTABLE_FOLDER_PATH)/Team-7-HMS";
			};
			name = Release;
		};
		1769004B2BD2A94700F5F81E /* Debug */ = {
			isa = XCBuildConfiguration;
			buildSettings = {
				ALWAYS_EMBED_SWIFT_STANDARD_LIBRARIES = YES;
				CODE_SIGN_STYLE = Automatic;
				CURRENT_PROJECT_VERSION = 1;
				DEVELOPMENT_TEAM = SDZUHSLTDN;
				GENERATE_INFOPLIST_FILE = YES;
				MARKETING_VERSION = 1.0;
				PRODUCT_BUNDLE_IDENTIFIER = "Team-7.Team-7-HMSUITests";
				PRODUCT_NAME = "$(TARGET_NAME)";
				SWIFT_EMIT_LOC_STRINGS = NO;
				SWIFT_VERSION = 5.0;
				TARGETED_DEVICE_FAMILY = "1,2";
				TEST_TARGET_NAME = "Team-7-HMS";
			};
			name = Debug;
		};
		1769004C2BD2A94700F5F81E /* Release */ = {
			isa = XCBuildConfiguration;
			buildSettings = {
				ALWAYS_EMBED_SWIFT_STANDARD_LIBRARIES = YES;
				CODE_SIGN_STYLE = Automatic;
				CURRENT_PROJECT_VERSION = 1;
				DEVELOPMENT_TEAM = SDZUHSLTDN;
				GENERATE_INFOPLIST_FILE = YES;
				MARKETING_VERSION = 1.0;
				PRODUCT_BUNDLE_IDENTIFIER = "Team-7.Team-7-HMSUITests";
				PRODUCT_NAME = "$(TARGET_NAME)";
				SWIFT_EMIT_LOC_STRINGS = NO;
				SWIFT_VERSION = 5.0;
				TARGETED_DEVICE_FAMILY = "1,2";
				TEST_TARGET_NAME = "Team-7-HMS";
			};
			name = Release;
		};
/* End XCBuildConfiguration section */

/* Begin XCConfigurationList section */
		1769001B2BD2A94500F5F81E /* Build configuration list for PBXProject "Team-7-HMS" */ = {
			isa = XCConfigurationList;
			buildConfigurations = (
				176900422BD2A94700F5F81E /* Debug */,
				176900432BD2A94700F5F81E /* Release */,
			);
			defaultConfigurationIsVisible = 0;
			defaultConfigurationName = Release;
		};
		176900442BD2A94700F5F81E /* Build configuration list for PBXNativeTarget "Team-7-HMS" */ = {
			isa = XCConfigurationList;
			buildConfigurations = (
				176900452BD2A94700F5F81E /* Debug */,
				176900462BD2A94700F5F81E /* Release */,
			);
			defaultConfigurationIsVisible = 0;
			defaultConfigurationName = Release;
		};
		176900472BD2A94700F5F81E /* Build configuration list for PBXNativeTarget "Team-7-HMSTests" */ = {
			isa = XCConfigurationList;
			buildConfigurations = (
				176900482BD2A94700F5F81E /* Debug */,
				176900492BD2A94700F5F81E /* Release */,
			);
			defaultConfigurationIsVisible = 0;
			defaultConfigurationName = Release;
		};
		1769004A2BD2A94700F5F81E /* Build configuration list for PBXNativeTarget "Team-7-HMSUITests" */ = {
			isa = XCConfigurationList;
			buildConfigurations = (
				1769004B2BD2A94700F5F81E /* Debug */,
				1769004C2BD2A94700F5F81E /* Release */,
			);
			defaultConfigurationIsVisible = 0;
			defaultConfigurationName = Release;
		};
/* End XCConfigurationList section */

/* Begin XCRemoteSwiftPackageReference section */
		1769004D2BD6192900F5F81E /* XCRemoteSwiftPackageReference "firebase-ios-sdk" */ = {
			isa = XCRemoteSwiftPackageReference;
			repositoryURL = "https://github.com/firebase/firebase-ios-sdk";
			requirement = {
				kind = upToNextMajorVersion;
				minimumVersion = 10.24.0;
			};
		};
		17F63AB82BD633370089511F /* XCRemoteSwiftPackageReference "GoogleSignIn-iOS" */ = {
			isa = XCRemoteSwiftPackageReference;
			repositoryURL = "https://github.com/google/GoogleSignIn-iOS";
			requirement = {
				kind = upToNextMajorVersion;
				minimumVersion = 7.1.0;
			};
		};
/* End XCRemoteSwiftPackageReference section */

/* Begin XCSwiftPackageProductDependency section */
		176900502BD61B2400F5F81E /* FirebaseAnalytics */ = {
			isa = XCSwiftPackageProductDependency;
			package = 1769004D2BD6192900F5F81E /* XCRemoteSwiftPackageReference "firebase-ios-sdk" */;
			productName = FirebaseAnalytics;
		};
		176900522BD61B2400F5F81E /* FirebaseAnalyticsOnDeviceConversion */ = {
			isa = XCSwiftPackageProductDependency;
			package = 1769004D2BD6192900F5F81E /* XCRemoteSwiftPackageReference "firebase-ios-sdk" */;
			productName = FirebaseAnalyticsOnDeviceConversion;
		};
		176900542BD61B2400F5F81E /* FirebaseAnalyticsSwift */ = {
			isa = XCSwiftPackageProductDependency;
			package = 1769004D2BD6192900F5F81E /* XCRemoteSwiftPackageReference "firebase-ios-sdk" */;
			productName = FirebaseAnalyticsSwift;
		};
		176900562BD61B2400F5F81E /* FirebaseAnalyticsWithoutAdIdSupport */ = {
			isa = XCSwiftPackageProductDependency;
			package = 1769004D2BD6192900F5F81E /* XCRemoteSwiftPackageReference "firebase-ios-sdk" */;
			productName = FirebaseAnalyticsWithoutAdIdSupport;
		};
		176900582BD61B2400F5F81E /* FirebaseAppCheck */ = {
			isa = XCSwiftPackageProductDependency;
			package = 1769004D2BD6192900F5F81E /* XCRemoteSwiftPackageReference "firebase-ios-sdk" */;
			productName = FirebaseAppCheck;
		};
		17F63ABB2BD634EB0089511F /* FirebaseAppDistribution-Beta */ = {
			isa = XCSwiftPackageProductDependency;
			package = 1769004D2BD6192900F5F81E /* XCRemoteSwiftPackageReference "firebase-ios-sdk" */;
			productName = "FirebaseAppDistribution-Beta";
		};
		17F63ABD2BD634EB0089511F /* FirebaseAuth */ = {
			isa = XCSwiftPackageProductDependency;
			package = 1769004D2BD6192900F5F81E /* XCRemoteSwiftPackageReference "firebase-ios-sdk" */;
			productName = FirebaseAuth;
		};
		17F63ABF2BD634EB0089511F /* FirebaseAuthCombine-Community */ = {
			isa = XCSwiftPackageProductDependency;
			package = 1769004D2BD6192900F5F81E /* XCRemoteSwiftPackageReference "firebase-ios-sdk" */;
			productName = "FirebaseAuthCombine-Community";
		};
		17F63AC12BD634EB0089511F /* FirebaseCrashlytics */ = {
			isa = XCSwiftPackageProductDependency;
			package = 1769004D2BD6192900F5F81E /* XCRemoteSwiftPackageReference "firebase-ios-sdk" */;
			productName = FirebaseCrashlytics;
		};
		17F63AC32BD634EB0089511F /* FirebaseDatabase */ = {
			isa = XCSwiftPackageProductDependency;
			package = 1769004D2BD6192900F5F81E /* XCRemoteSwiftPackageReference "firebase-ios-sdk" */;
			productName = FirebaseDatabase;
		};
		17F63AC52BD634EB0089511F /* FirebaseDatabaseSwift */ = {
			isa = XCSwiftPackageProductDependency;
			package = 1769004D2BD6192900F5F81E /* XCRemoteSwiftPackageReference "firebase-ios-sdk" */;
			productName = FirebaseDatabaseSwift;
		};
		17F63AC72BD634EB0089511F /* FirebaseDynamicLinks */ = {
			isa = XCSwiftPackageProductDependency;
			package = 1769004D2BD6192900F5F81E /* XCRemoteSwiftPackageReference "firebase-ios-sdk" */;
			productName = FirebaseDynamicLinks;
		};
		17F63AC92BD634EB0089511F /* FirebaseFirestore */ = {
			isa = XCSwiftPackageProductDependency;
			package = 1769004D2BD6192900F5F81E /* XCRemoteSwiftPackageReference "firebase-ios-sdk" */;
			productName = FirebaseFirestore;
		};
		17F63ACB2BD634EB0089511F /* FirebaseFirestoreCombine-Community */ = {
			isa = XCSwiftPackageProductDependency;
			package = 1769004D2BD6192900F5F81E /* XCRemoteSwiftPackageReference "firebase-ios-sdk" */;
			productName = "FirebaseFirestoreCombine-Community";
		};
		17F63ACD2BD634EB0089511F /* FirebaseFirestoreSwift */ = {
			isa = XCSwiftPackageProductDependency;
			package = 1769004D2BD6192900F5F81E /* XCRemoteSwiftPackageReference "firebase-ios-sdk" */;
			productName = FirebaseFirestoreSwift;
		};
		17F63ACF2BD634EB0089511F /* FirebaseFunctions */ = {
			isa = XCSwiftPackageProductDependency;
			package = 1769004D2BD6192900F5F81E /* XCRemoteSwiftPackageReference "firebase-ios-sdk" */;
			productName = FirebaseFunctions;
		};
		17F63AD12BD634EB0089511F /* FirebaseFunctionsCombine-Community */ = {
			isa = XCSwiftPackageProductDependency;
			package = 1769004D2BD6192900F5F81E /* XCRemoteSwiftPackageReference "firebase-ios-sdk" */;
			productName = "FirebaseFunctionsCombine-Community";
		};
		17F63AD32BD634EB0089511F /* FirebaseInAppMessaging-Beta */ = {
			isa = XCSwiftPackageProductDependency;
			package = 1769004D2BD6192900F5F81E /* XCRemoteSwiftPackageReference "firebase-ios-sdk" */;
			productName = "FirebaseInAppMessaging-Beta";
		};
		17F63AD52BD634EB0089511F /* FirebaseInAppMessagingSwift-Beta */ = {
			isa = XCSwiftPackageProductDependency;
			package = 1769004D2BD6192900F5F81E /* XCRemoteSwiftPackageReference "firebase-ios-sdk" */;
			productName = "FirebaseInAppMessagingSwift-Beta";
		};
		17F63AD72BD634EB0089511F /* FirebaseInstallations */ = {
			isa = XCSwiftPackageProductDependency;
			package = 1769004D2BD6192900F5F81E /* XCRemoteSwiftPackageReference "firebase-ios-sdk" */;
			productName = FirebaseInstallations;
		};
		17F63AD92BD634EB0089511F /* FirebaseMLModelDownloader */ = {
			isa = XCSwiftPackageProductDependency;
			package = 1769004D2BD6192900F5F81E /* XCRemoteSwiftPackageReference "firebase-ios-sdk" */;
			productName = FirebaseMLModelDownloader;
		};
		17F63ADB2BD634EB0089511F /* FirebaseMessaging */ = {
			isa = XCSwiftPackageProductDependency;
			package = 1769004D2BD6192900F5F81E /* XCRemoteSwiftPackageReference "firebase-ios-sdk" */;
			productName = FirebaseMessaging;
		};
		17F63ADD2BD634EB0089511F /* FirebasePerformance */ = {
			isa = XCSwiftPackageProductDependency;
			package = 1769004D2BD6192900F5F81E /* XCRemoteSwiftPackageReference "firebase-ios-sdk" */;
			productName = FirebasePerformance;
		};
		17F63ADF2BD634EB0089511F /* FirebaseRemoteConfig */ = {
			isa = XCSwiftPackageProductDependency;
			package = 1769004D2BD6192900F5F81E /* XCRemoteSwiftPackageReference "firebase-ios-sdk" */;
			productName = FirebaseRemoteConfig;
		};
		17F63AE12BD634EB0089511F /* FirebaseRemoteConfigSwift */ = {
			isa = XCSwiftPackageProductDependency;
			package = 1769004D2BD6192900F5F81E /* XCRemoteSwiftPackageReference "firebase-ios-sdk" */;
			productName = FirebaseRemoteConfigSwift;
		};
		17F63AE32BD634EB0089511F /* FirebaseStorage */ = {
			isa = XCSwiftPackageProductDependency;
			package = 1769004D2BD6192900F5F81E /* XCRemoteSwiftPackageReference "firebase-ios-sdk" */;
			productName = FirebaseStorage;
		};
		17F63AE52BD634EB0089511F /* FirebaseStorageCombine-Community */ = {
			isa = XCSwiftPackageProductDependency;
			package = 1769004D2BD6192900F5F81E /* XCRemoteSwiftPackageReference "firebase-ios-sdk" */;
			productName = "FirebaseStorageCombine-Community";
		};
		17F63AE72BD636610089511F /* GoogleSignIn */ = {
			isa = XCSwiftPackageProductDependency;
			package = 17F63AB82BD633370089511F /* XCRemoteSwiftPackageReference "GoogleSignIn-iOS" */;
			productName = GoogleSignIn;
		};
		17F63AE92BD636610089511F /* GoogleSignInSwift */ = {
			isa = XCSwiftPackageProductDependency;
			package = 17F63AB82BD633370089511F /* XCRemoteSwiftPackageReference "GoogleSignIn-iOS" */;
			productName = GoogleSignInSwift;
		};
/* End XCSwiftPackageProductDependency section */
	};
	rootObject = 176900182BD2A94500F5F81E /* Project object */;
}
